// !$*UTF8*$!
{
	archiveVersion = 1;
	classes = {
	};
	objectVersion = 46;
	objects = {

/* Begin PBXBuildFile section */
		006D720419952D00008149E2 /* AVFoundation.framework in Frameworks */ = {isa = PBXBuildFile; fileRef = 006D720219952D00008149E2 /* AVFoundation.framework */; };
		006D720519952D00008149E2 /* CoreMedia.framework in Frameworks */ = {isa = PBXBuildFile; fileRef = 006D720319952D00008149E2 /* CoreMedia.framework */; };
		0091D8F90E81B9330029341E /* OpenGL.framework in Frameworks */ = {isa = PBXBuildFile; fileRef = 0091D8F80E81B9330029341E /* OpenGL.framework */; };
		00B784B30FF439BC000DE1D7 /* Accelerate.framework in Frameworks */ = {isa = PBXBuildFile; fileRef = 00B784AF0FF439BC000DE1D7 /* Accelerate.framework */; };
		00B784B40FF439BC000DE1D7 /* AudioToolbox.framework in Frameworks */ = {isa = PBXBuildFile; fileRef = 00B784B00FF439BC000DE1D7 /* AudioToolbox.framework */; };
		00B784B50FF439BC000DE1D7 /* AudioUnit.framework in Frameworks */ = {isa = PBXBuildFile; fileRef = 00B784B10FF439BC000DE1D7 /* AudioUnit.framework */; };
		00B784B60FF439BC000DE1D7 /* CoreAudio.framework in Frameworks */ = {isa = PBXBuildFile; fileRef = 00B784B20FF439BC000DE1D7 /* CoreAudio.framework */; };
		00B9955A1B128DF400A5C623 /* IOKit.framework in Frameworks */ = {isa = PBXBuildFile; fileRef = 00B995581B128DF400A5C623 /* IOKit.framework */; };
		00B9955B1B128DF400A5C623 /* IOSurface.framework in Frameworks */ = {isa = PBXBuildFile; fileRef = 00B995591B128DF400A5C623 /* IOSurface.framework */; };
		07E690F168D34416B3E08BD0 /* b2World.cpp in Sources */ = {isa = PBXBuildFile; fileRef = 414D9C204E104822B06E6945 /* b2World.cpp */; };
		0918CD8A39E04DEEAB8D15B6 /* b2Joint.cpp in Sources */ = {isa = PBXBuildFile; fileRef = BB13E05BAA2A42918D67F667 /* b2Joint.cpp */; };
		0E3E6543E2A0417187BFC569 /* b2Rope.cpp in Sources */ = {isa = PBXBuildFile; fileRef = 2C5C9CFFAED048B3A1B794CD /* b2Rope.cpp */; };
		1231149FD24D4AA68147559F /* b2WheelJoint.cpp in Sources */ = {isa = PBXBuildFile; fileRef = B405BC2A1FAF4E38BB39DD2C /* b2WheelJoint.cpp */; };
		1C0B07D854C24EF5BA2ED33E /* b2CircleShape.cpp in Sources */ = {isa = PBXBuildFile; fileRef = 4E4FD7ADB3FB413C8E59B091 /* b2CircleShape.cpp */; };
		1D05CD4722E24D979E4144D5 /* b2ChainAndPolygonContact.cpp in Sources */ = {isa = PBXBuildFile; fileRef = 4D599B72C4414571A9490C48 /* b2ChainAndPolygonContact.cpp */; };
		260BFC2DA20741C1AD598614 /* OpenCL.framework in Frameworks */ = {isa = PBXBuildFile; fileRef = C3706E7420D545C79BDC6816 /* OpenCL.framework */; };
		28E0903C51D04B36A782D42A /* b2EdgeShape.cpp in Sources */ = {isa = PBXBuildFile; fileRef = 8731CB52F9274DBCAFAC6D81 /* b2EdgeShape.cpp */; };
		2972623D254441C394917707 /* b2ChainAndCircleContact.cpp in Sources */ = {isa = PBXBuildFile; fileRef = E8A1B16C08FD46E9883A4ACC /* b2ChainAndCircleContact.cpp */; };
		29D92BA031314A769B473AFA /* b2PulleyJoint.cpp in Sources */ = {isa = PBXBuildFile; fileRef = E124799A48BD497EA8118932 /* b2PulleyJoint.cpp */; };
		3115EF16D5E6462C8F6EF879 /* b2CollideEdge.cpp in Sources */ = {isa = PBXBuildFile; fileRef = 60ED81C43C4546AF965945F3 /* b2CollideEdge.cpp */; };
		3202A96AEAB345D89ACD7934 /* b2Fixture.cpp in Sources */ = {isa = PBXBuildFile; fileRef = FFBAE3E631404D13A01E2D69 /* b2Fixture.cpp */; };
		36633801B8724315817A15A5 /* b2RopeJoint.cpp in Sources */ = {isa = PBXBuildFile; fileRef = 41571B27782C4A6C95C97EE1 /* b2RopeJoint.cpp */; };
		40416C87253345CEB641B97C /* b2Settings.cpp in Sources */ = {isa = PBXBuildFile; fileRef = 8DE04E915A0440489EFC37FD /* b2Settings.cpp */; };
		4D06E160BB2C469AB5C8BB28 /* b2StackAllocator.cpp in Sources */ = {isa = PBXBuildFile; fileRef = 455321ACD5C64A209A19CF1E /* b2StackAllocator.cpp */; };
		5323E6B20EAFCA74003A9687 /* CoreVideo.framework in Frameworks */ = {isa = PBXBuildFile; fileRef = 5323E6B10EAFCA74003A9687 /* CoreVideo.framework */; };
		534B136F05BB4ADCB7804049 /* b2PolygonContact.cpp in Sources */ = {isa = PBXBuildFile; fileRef = 38DDC92CB3144546B1B9F81E /* b2PolygonContact.cpp */; };
		55A930FC61D748A9B0A915AC /* b2DistanceJoint.cpp in Sources */ = {isa = PBXBuildFile; fileRef = 88B1710A7A1047F29FF6B8F5 /* b2DistanceJoint.cpp */; };
		5692F02C9BD04F8782D840E3 /* b2Body.cpp in Sources */ = {isa = PBXBuildFile; fileRef = F99234691DD944D0B81D5026 /* b2Body.cpp */; };
		6AF588DD187A429BA320BD13 /* b2PolygonShape.cpp in Sources */ = {isa = PBXBuildFile; fileRef = 42EBAA9D5C044A7EB6F1C079 /* b2PolygonShape.cpp */; };
		6B04E772AB2341B2AFAEDF18 /* b2CollidePolygon.cpp in Sources */ = {isa = PBXBuildFile; fileRef = 777E67F00D3E4144B4A263B7 /* b2CollidePolygon.cpp */; };
		705ED33DC1FB4FF0B3BA5AB2 /* b2Contact.cpp in Sources */ = {isa = PBXBuildFile; fileRef = 7D1144938DB7473FB525873D /* b2Contact.cpp */; };
		73235F4120027F0A008E22B3 /* worhol.frag in Resources */ = {isa = PBXBuildFile; fileRef = 73235F4020027F0A008E22B3 /* worhol.frag */; };
		73235F432002801D008E22B3 /* copy.frag in Resources */ = {isa = PBXBuildFile; fileRef = 73235F422002801D008E22B3 /* copy.frag */; };
		73235F4520028392008E22B3 /* thermal.frag in Resources */ = {isa = PBXBuildFile; fileRef = 73235F4420028392008E22B3 /* thermal.frag */; };
		73235F47200283FA008E22B3 /* vignette.frag in Resources */ = {isa = PBXBuildFile; fileRef = 73235F46200283FA008E22B3 /* vignette.frag */; };
		73235F4B200284B3008E22B3 /* cell.frag in Resources */ = {isa = PBXBuildFile; fileRef = 73235F4A200284B3008E22B3 /* cell.frag */; };
		73235F4D20028600008E22B3 /* scanline.frag in Resources */ = {isa = PBXBuildFile; fileRef = 73235F4C20028600008E22B3 /* scanline.frag */; };
		7327D5B020098FB700634012 /* Efxbase.cpp in Sources */ = {isa = PBXBuildFile; fileRef = 7327D5A820098FB600634012 /* Efxbase.cpp */; };
		7327D5B120098FB700634012 /* seeApp.mm in Sources */ = {isa = PBXBuildFile; fileRef = 7327D5A920098FB600634012 /* seeApp.mm */; };
		7327D5B320098FB700634012 /* FilterMgr.cpp in Sources */ = {isa = PBXBuildFile; fileRef = 7327D5AB20098FB700634012 /* FilterMgr.cpp */; };
		7327D5B420098FB700634012 /* Particle.cpp in Sources */ = {isa = PBXBuildFile; fileRef = 7327D5AF20098FB700634012 /* Particle.cpp */; };
		7327D5B720098FC500634012 /* TestEfx.cpp in Sources */ = {isa = PBXBuildFile; fileRef = 7327D5B520098FC500634012 /* TestEfx.cpp */; };
		7344840B2021924500D03C0C /* StillImageView.cpp in Sources */ = {isa = PBXBuildFile; fileRef = 734484092021924500D03C0C /* StillImageView.cpp */; };
		737826AB1FFE15C700249F04 /* TestView.cpp in Sources */ = {isa = PBXBuildFile; fileRef = 737826A91FFE15C700249F04 /* TestView.cpp */; };
		73924D0C2001A6020046B23B /* posterize.frag in Resources */ = {isa = PBXBuildFile; fileRef = 73924D0B2001A6020046B23B /* posterize.frag */; };
		73924D0E2001A6F60046B23B /* line.frag in Resources */ = {isa = PBXBuildFile; fileRef = 73924D0D2001A6F60046B23B /* line.frag */; };
		73E23D201FFF0C9F00389721 /* ViewController.cpp in Sources */ = {isa = PBXBuildFile; fileRef = 73E23D1E1FFF0C9F00389721 /* ViewController.cpp */; };
		73E23D421FFF11E500389721 /* _EventCenter.cpp in Sources */ = {isa = PBXBuildFile; fileRef = 73E23D221FFF11E300389721 /* _EventCenter.cpp */; };
		73E23D431FFF11E500389721 /* _Button.cpp in Sources */ = {isa = PBXBuildFile; fileRef = 73E23D271FFF11E300389721 /* _Button.cpp */; };
		73E23D441FFF11E500389721 /* _ButtonSet.cpp in Sources */ = {isa = PBXBuildFile; fileRef = 73E23D291FFF11E300389721 /* _ButtonSet.cpp */; };
		73E23D451FFF11E500389721 /* _ScrollView.cpp in Sources */ = {isa = PBXBuildFile; fileRef = 73E23D2C1FFF11E300389721 /* _ScrollView.cpp */; };
		73E23D461FFF11E500389721 /* _DraggableView.cpp in Sources */ = {isa = PBXBuildFile; fileRef = 73E23D2D1FFF11E400389721 /* _DraggableView.cpp */; };
		73E23D471FFF11E500389721 /* _View.cpp in Sources */ = {isa = PBXBuildFile; fileRef = 73E23D2F1FFF11E400389721 /* _View.cpp */; };
		73E23D481FFF11E500389721 /* _TextView.cpp in Sources */ = {isa = PBXBuildFile; fileRef = 73E23D311FFF11E400389721 /* _TextView.cpp */; };
		73E23D491FFF11E500389721 /* _MatrixSet.cpp in Sources */ = {isa = PBXBuildFile; fileRef = 73E23D331FFF11E400389721 /* _MatrixSet.cpp */; };
		73E23D4A1FFF11E500389721 /* _Scene.cpp in Sources */ = {isa = PBXBuildFile; fileRef = 73E23D371FFF11E400389721 /* _Scene.cpp */; };
		73E23D4B1FFF11E500389721 /* _ImageView.cpp in Sources */ = {isa = PBXBuildFile; fileRef = 73E23D381FFF11E400389721 /* _ImageView.cpp */; };
		73E23D4C1FFF11E500389721 /* _ViewController.cpp in Sources */ = {isa = PBXBuildFile; fileRef = 73E23D3B1FFF11E500389721 /* _ViewController.cpp */; };
		73E23D4D1FFF11E500389721 /* _Events.cpp in Sources */ = {isa = PBXBuildFile; fileRef = 73E23D3C1FFF11E500389721 /* _Events.cpp */; };
		73E23D4E1FFF11E500389721 /* _ShapeView.cpp in Sources */ = {isa = PBXBuildFile; fileRef = 73E23D3F1FFF11E500389721 /* _ShapeView.cpp */; };
		73E23D4F1FFF11E500389721 /* _DragAndDrop.cpp in Sources */ = {isa = PBXBuildFile; fileRef = 73E23D411FFF11E500389721 /* _DragAndDrop.cpp */; };
		73E23D541FFF324700389721 /* CaptureView.cpp in Sources */ = {isa = PBXBuildFile; fileRef = 73E23D521FFF324700389721 /* CaptureView.cpp */; };
		73E23D581FFF58B200389721 /* haarcascade_eye.xml in Resources */ = {isa = PBXBuildFile; fileRef = 73E23D561FFF58B200389721 /* haarcascade_eye.xml */; };
		73E23D591FFF58B200389721 /* haarcascade_frontalface_alt.xml in Resources */ = {isa = PBXBuildFile; fileRef = 73E23D571FFF58B200389721 /* haarcascade_frontalface_alt.xml */; };
		73E23D5B1FFF58E300389721 /* basic.vert in Resources */ = {isa = PBXBuildFile; fileRef = 73E23D5A1FFF58E300389721 /* basic.vert */; };
		73E23D5D1FFF58FB00389721 /* gray.frag in Resources */ = {isa = PBXBuildFile; fileRef = 73E23D5C1FFF58FB00389721 /* gray.frag */; };
		73E23D5F1FFF6A9A00389721 /* sobel.frag in Resources */ = {isa = PBXBuildFile; fileRef = 73E23D5E1FFF6A9A00389721 /* sobel.frag */; };
		73E23D611FFF9AA800389721 /* halftone.frag in Resources */ = {isa = PBXBuildFile; fileRef = 73E23D601FFF9AA800389721 /* halftone.frag */; };
		73E23D631FFFD9CD00389721 /* dilation.frag in Resources */ = {isa = PBXBuildFile; fileRef = 73E23D621FFFD9CD00389721 /* dilation.frag */; };
		73E23D652000EA6700389721 /* billboard.frag in Resources */ = {isa = PBXBuildFile; fileRef = 73E23D642000EA6700389721 /* billboard.frag */; };
		73E23D672000EC1E00389721 /* lowBlur.frag in Resources */ = {isa = PBXBuildFile; fileRef = 73E23D662000EC1E00389721 /* lowBlur.frag */; };
		73E23D692000EDCA00389721 /* dream.frag in Resources */ = {isa = PBXBuildFile; fileRef = 73E23D682000EDCA00389721 /* dream.frag */; };
		73E23D6B2000F7F800389721 /* erosion.frag in Resources */ = {isa = PBXBuildFile; fileRef = 73E23D6A2000F7F800389721 /* erosion.frag */; };
		73E23D6D2000F8D700389721 /* hexpix.frag in Resources */ = {isa = PBXBuildFile; fileRef = 73E23D6C2000F8D700389721 /* hexpix.frag */; };
		73EA3F562012EA6200ECE7AC /* ExpView.cpp in Sources */ = {isa = PBXBuildFile; fileRef = 73EA3F542012EA6200ECE7AC /* ExpView.cpp */; };
		73EA3F5A201305E300ECE7AC /* ParticleController.cpp in Sources */ = {isa = PBXBuildFile; fileRef = 73EA3F58201305E300ECE7AC /* ParticleController.cpp */; };
		7BFD4367F8EF450082845AEA /* b2Island.cpp in Sources */ = {isa = PBXBuildFile; fileRef = A4A7BB67AADF4B2B86D17992 /* b2Island.cpp */; };
		7F96E27B943D4EF8889EECDA /* b2Timer.cpp in Sources */ = {isa = PBXBuildFile; fileRef = 4B5B8C26E4CC4C299A464B12 /* b2Timer.cpp */; };
		841A542A785646EDA079BAAB /* Osc.cpp in Sources */ = {isa = PBXBuildFile; fileRef = D5377ECE4123477AB57FAA09 /* Osc.cpp */; };
		8D11072F0486CEB800E47090 /* Cocoa.framework in Frameworks */ = {isa = PBXBuildFile; fileRef = 1058C7A1FEA54F0111CA2CBB /* Cocoa.framework */; };
		8F07C2AE80274C54911149EB /* b2PrismaticJoint.cpp in Sources */ = {isa = PBXBuildFile; fileRef = 0298E479A9B543EC8E31B0F0 /* b2PrismaticJoint.cpp */; };
		96DC2BB768C24F0B9E71A628 /* b2BlockAllocator.cpp in Sources */ = {isa = PBXBuildFile; fileRef = DE68B6B539B84503912F91FC /* b2BlockAllocator.cpp */; };
		97C9323D1BCD4F2DA1E4F3AC /* b2CircleContact.cpp in Sources */ = {isa = PBXBuildFile; fileRef = 6155FA849F27406EAAE7DFFF /* b2CircleContact.cpp */; };
		9A2213DA027B4CF09FF643B3 /* b2ChainShape.cpp in Sources */ = {isa = PBXBuildFile; fileRef = CFA0A0B521804FF48B8F52A8 /* b2ChainShape.cpp */; };
		9F35369EC67246AD87926D3C /* b2PolygonAndCircleContact.cpp in Sources */ = {isa = PBXBuildFile; fileRef = 226F5C3ACC9249018AC94F02 /* b2PolygonAndCircleContact.cpp */; };
		A0D08DEFC0D742B89A82A421 /* b2Collision.cpp in Sources */ = {isa = PBXBuildFile; fileRef = 5DC790304D7041E39EB47B99 /* b2Collision.cpp */; };
		AA31E602BCE042D9A7F1BB26 /* b2Draw.cpp in Sources */ = {isa = PBXBuildFile; fileRef = FCC401ADB3BD443F922552A5 /* b2Draw.cpp */; };
		ABBE2DCF9F2B485BA94FD0A5 /* b2WeldJoint.cpp in Sources */ = {isa = PBXBuildFile; fileRef = 40E24354CD1E4DF780C58C80 /* b2WeldJoint.cpp */; };
		B49957B06B674B4C8C7D3B37 /* b2Distance.cpp in Sources */ = {isa = PBXBuildFile; fileRef = 20A329AA6F7440B9AE6191CD /* b2Distance.cpp */; };
		BE59D8961F664E8F80D433D3 /* CinderApp.icns in Resources */ = {isa = PBXBuildFile; fileRef = 708C348EC05A4C7BA4816FBC /* CinderApp.icns */; };
		C065F19BE5584491A83B6040 /* b2ContactManager.cpp in Sources */ = {isa = PBXBuildFile; fileRef = BE0698F6F6CE44E99001EE62 /* b2ContactManager.cpp */; };
		C06C705F8FD14DDA9D397024 /* b2WorldCallbacks.cpp in Sources */ = {isa = PBXBuildFile; fileRef = 0EEDBF19F56A4B46BC28B638 /* b2WorldCallbacks.cpp */; };
		C09CB35A14194B9886125C2D /* b2MouseJoint.cpp in Sources */ = {isa = PBXBuildFile; fileRef = BEA30FFF534A456385E89568 /* b2MouseJoint.cpp */; };
		C1039C02B05241E2BA5F9659 /* b2TimeOfImpact.cpp in Sources */ = {isa = PBXBuildFile; fileRef = 5AFC21DA54464E6AB4865EB6 /* b2TimeOfImpact.cpp */; };
		C4050FE1C02C48B58F47CA32 /* b2EdgeAndPolygonContact.cpp in Sources */ = {isa = PBXBuildFile; fileRef = C1ECC9F92DCB42C3B8C973A5 /* b2EdgeAndPolygonContact.cpp */; };
		C722A549A9EA41FF9503B26D /* b2GearJoint.cpp in Sources */ = {isa = PBXBuildFile; fileRef = 022659E841DD4245B9ED8967 /* b2GearJoint.cpp */; };
		CD47BCAD76B640B9AF82049C /* b2BroadPhase.cpp in Sources */ = {isa = PBXBuildFile; fileRef = E491682338B243E590CE9CB9 /* b2BroadPhase.cpp */; };
		DC05E48A38E1464AB17E7AAF /* b2EdgeAndCircleContact.cpp in Sources */ = {isa = PBXBuildFile; fileRef = 90B71FA98D5A42799D97E47E /* b2EdgeAndCircleContact.cpp */; };
		DEFDF50227FE4C619249F426 /* b2DynamicTree.cpp in Sources */ = {isa = PBXBuildFile; fileRef = 5DD64B44C3544CEEA0988B8D /* b2DynamicTree.cpp */; };
		E33B9F8193F94EF38745BE8F /* b2Math.cpp in Sources */ = {isa = PBXBuildFile; fileRef = C2D8371F08E24F0C909AF47E /* b2Math.cpp */; };
		EC2A89DA0718426AADD5F663 /* b2CollideCircle.cpp in Sources */ = {isa = PBXBuildFile; fileRef = DABF21F1DCA246A188BF284B /* b2CollideCircle.cpp */; };
		F021A459BDFD4C1DBAF98964 /* b2ContactSolver.cpp in Sources */ = {isa = PBXBuildFile; fileRef = CB9597394CEF4B7E8F6754A5 /* b2ContactSolver.cpp */; };
		F50B733CA4EC43998D807BD0 /* b2RevoluteJoint.cpp in Sources */ = {isa = PBXBuildFile; fileRef = 5FCEF9A13DEA4BA1B9310AC9 /* b2RevoluteJoint.cpp */; };
		F6037E6B234B4260983FB385 /* b2FrictionJoint.cpp in Sources */ = {isa = PBXBuildFile; fileRef = 4CE8A3AE741B43FC95ED4560 /* b2FrictionJoint.cpp */; };
/* End PBXBuildFile section */

/* Begin PBXFileReference section */
		006D720219952D00008149E2 /* AVFoundation.framework */ = {isa = PBXFileReference; lastKnownFileType = wrapper.framework; name = AVFoundation.framework; path = System/Library/Frameworks/AVFoundation.framework; sourceTree = SDKROOT; };
		006D720319952D00008149E2 /* CoreMedia.framework */ = {isa = PBXFileReference; lastKnownFileType = wrapper.framework; name = CoreMedia.framework; path = System/Library/Frameworks/CoreMedia.framework; sourceTree = SDKROOT; };
		0091D8F80E81B9330029341E /* OpenGL.framework */ = {isa = PBXFileReference; lastKnownFileType = wrapper.framework; name = OpenGL.framework; path = /System/Library/Frameworks/OpenGL.framework; sourceTree = "<absolute>"; };
		00B784AF0FF439BC000DE1D7 /* Accelerate.framework */ = {isa = PBXFileReference; lastKnownFileType = wrapper.framework; name = Accelerate.framework; path = System/Library/Frameworks/Accelerate.framework; sourceTree = SDKROOT; };
		00B784B00FF439BC000DE1D7 /* AudioToolbox.framework */ = {isa = PBXFileReference; lastKnownFileType = wrapper.framework; name = AudioToolbox.framework; path = System/Library/Frameworks/AudioToolbox.framework; sourceTree = SDKROOT; };
		00B784B10FF439BC000DE1D7 /* AudioUnit.framework */ = {isa = PBXFileReference; lastKnownFileType = wrapper.framework; name = AudioUnit.framework; path = System/Library/Frameworks/AudioUnit.framework; sourceTree = SDKROOT; };
		00B784B20FF439BC000DE1D7 /* CoreAudio.framework */ = {isa = PBXFileReference; lastKnownFileType = wrapper.framework; name = CoreAudio.framework; path = System/Library/Frameworks/CoreAudio.framework; sourceTree = SDKROOT; };
		00B995581B128DF400A5C623 /* IOKit.framework */ = {isa = PBXFileReference; lastKnownFileType = wrapper.framework; name = IOKit.framework; path = System/Library/Frameworks/IOKit.framework; sourceTree = SDKROOT; };
		00B995591B128DF400A5C623 /* IOSurface.framework */ = {isa = PBXFileReference; lastKnownFileType = wrapper.framework; name = IOSurface.framework; path = System/Library/Frameworks/IOSurface.framework; sourceTree = SDKROOT; };
		01916B0BF4C6453BAB61A477 /* b2Draw.h */ = {isa = PBXFileReference; lastKnownFileType = sourcecode.c.h; name = b2Draw.h; path = ../../../cinder_master/blocks/Box2D/src/Box2D/Common/b2Draw.h; sourceTree = "<group>"; };
		022659E841DD4245B9ED8967 /* b2GearJoint.cpp */ = {isa = PBXFileReference; lastKnownFileType = sourcecode.c.cpp; name = b2GearJoint.cpp; path = ../../../cinder_master/blocks/Box2D/src/Box2D/Dynamics/Joints/b2GearJoint.cpp; sourceTree = "<group>"; };
		0298E479A9B543EC8E31B0F0 /* b2PrismaticJoint.cpp */ = {isa = PBXFileReference; lastKnownFileType = sourcecode.c.cpp; name = b2PrismaticJoint.cpp; path = ../../../cinder_master/blocks/Box2D/src/Box2D/Dynamics/Joints/b2PrismaticJoint.cpp; sourceTree = "<group>"; };
		02DA238B86DB45C5AC185EF5 /* b2PolygonAndCircleContact.h */ = {isa = PBXFileReference; lastKnownFileType = sourcecode.c.h; name = b2PolygonAndCircleContact.h; path = ../../../cinder_master/blocks/Box2D/src/Box2D/Dynamics/Contacts/b2PolygonAndCircleContact.h; sourceTree = "<group>"; };
		047CFE47637542FDA564D201 /* b2Body.h */ = {isa = PBXFileReference; lastKnownFileType = sourcecode.c.h; name = b2Body.h; path = ../../../cinder_master/blocks/Box2D/src/Box2D/Dynamics/b2Body.h; sourceTree = "<group>"; };
		0A64A69F8ABA491C93D30B93 /* b2CircleContact.h */ = {isa = PBXFileReference; lastKnownFileType = sourcecode.c.h; name = b2CircleContact.h; path = ../../../cinder_master/blocks/Box2D/src/Box2D/Dynamics/Contacts/b2CircleContact.h; sourceTree = "<group>"; };
		0EEDBF19F56A4B46BC28B638 /* b2WorldCallbacks.cpp */ = {isa = PBXFileReference; lastKnownFileType = sourcecode.c.cpp; name = b2WorldCallbacks.cpp; path = ../../../cinder_master/blocks/Box2D/src/Box2D/Dynamics/b2WorldCallbacks.cpp; sourceTree = "<group>"; };
		1058C7A1FEA54F0111CA2CBB /* Cocoa.framework */ = {isa = PBXFileReference; lastKnownFileType = wrapper.framework; name = Cocoa.framework; path = /System/Library/Frameworks/Cocoa.framework; sourceTree = "<absolute>"; };
		20A329AA6F7440B9AE6191CD /* b2Distance.cpp */ = {isa = PBXFileReference; lastKnownFileType = sourcecode.c.cpp; name = b2Distance.cpp; path = ../../../cinder_master/blocks/Box2D/src/Box2D/Collision/b2Distance.cpp; sourceTree = "<group>"; };
		216A784B63EC4301AB97D8B1 /* Osc.h */ = {isa = PBXFileReference; lastKnownFileType = sourcecode.c.h; name = Osc.h; path = ../../../cinder_master/blocks/OSC/src/cinder/osc/Osc.h; sourceTree = "<group>"; };
		226F5C3ACC9249018AC94F02 /* b2PolygonAndCircleContact.cpp */ = {isa = PBXFileReference; lastKnownFileType = sourcecode.c.cpp; name = b2PolygonAndCircleContact.cpp; path = ../../../cinder_master/blocks/Box2D/src/Box2D/Dynamics/Contacts/b2PolygonAndCircleContact.cpp; sourceTree = "<group>"; };
		29B97324FDCFA39411CA2CEA /* AppKit.framework */ = {isa = PBXFileReference; lastKnownFileType = wrapper.framework; name = AppKit.framework; path = /System/Library/Frameworks/AppKit.framework; sourceTree = "<absolute>"; };
		29B97325FDCFA39411CA2CEA /* Foundation.framework */ = {isa = PBXFileReference; lastKnownFileType = wrapper.framework; name = Foundation.framework; path = /System/Library/Frameworks/Foundation.framework; sourceTree = "<absolute>"; };
		2A71BA8C334E4FC68570C2BB /* b2Fixture.h */ = {isa = PBXFileReference; lastKnownFileType = sourcecode.c.h; name = b2Fixture.h; path = ../../../cinder_master/blocks/Box2D/src/Box2D/Dynamics/b2Fixture.h; sourceTree = "<group>"; };
		2C5C9CFFAED048B3A1B794CD /* b2Rope.cpp */ = {isa = PBXFileReference; lastKnownFileType = sourcecode.c.cpp; name = b2Rope.cpp; path = ../../../cinder_master/blocks/Box2D/src/Box2D/Rope/b2Rope.cpp; sourceTree = "<group>"; };
		38DDC92CB3144546B1B9F81E /* b2PolygonContact.cpp */ = {isa = PBXFileReference; lastKnownFileType = sourcecode.c.cpp; name = b2PolygonContact.cpp; path = ../../../cinder_master/blocks/Box2D/src/Box2D/Dynamics/Contacts/b2PolygonContact.cpp; sourceTree = "<group>"; };
		3E6B9133524F4FE894A53DE0 /* b2Rope.h */ = {isa = PBXFileReference; lastKnownFileType = sourcecode.c.h; name = b2Rope.h; path = ../../../cinder_master/blocks/Box2D/src/Box2D/Rope/b2Rope.h; sourceTree = "<group>"; };
		3F37E29392B347C8BDE93B6E /* b2ContactSolver.h */ = {isa = PBXFileReference; lastKnownFileType = sourcecode.c.h; name = b2ContactSolver.h; path = ../../../cinder_master/blocks/Box2D/src/Box2D/Dynamics/Contacts/b2ContactSolver.h; sourceTree = "<group>"; };
		40E24354CD1E4DF780C58C80 /* b2WeldJoint.cpp */ = {isa = PBXFileReference; lastKnownFileType = sourcecode.c.cpp; name = b2WeldJoint.cpp; path = ../../../cinder_master/blocks/Box2D/src/Box2D/Dynamics/Joints/b2WeldJoint.cpp; sourceTree = "<group>"; };
		414D9C204E104822B06E6945 /* b2World.cpp */ = {isa = PBXFileReference; lastKnownFileType = sourcecode.c.cpp; name = b2World.cpp; path = ../../../cinder_master/blocks/Box2D/src/Box2D/Dynamics/b2World.cpp; sourceTree = "<group>"; };
		41571B27782C4A6C95C97EE1 /* b2RopeJoint.cpp */ = {isa = PBXFileReference; lastKnownFileType = sourcecode.c.cpp; name = b2RopeJoint.cpp; path = ../../../cinder_master/blocks/Box2D/src/Box2D/Dynamics/Joints/b2RopeJoint.cpp; sourceTree = "<group>"; };
		41C508D0B13D4BE0A84D7576 /* b2PrismaticJoint.h */ = {isa = PBXFileReference; lastKnownFileType = sourcecode.c.h; name = b2PrismaticJoint.h; path = ../../../cinder_master/blocks/Box2D/src/Box2D/Dynamics/Joints/b2PrismaticJoint.h; sourceTree = "<group>"; };
		41E3785B9C4B4815A636520A /* b2GearJoint.h */ = {isa = PBXFileReference; lastKnownFileType = sourcecode.c.h; name = b2GearJoint.h; path = ../../../cinder_master/blocks/Box2D/src/Box2D/Dynamics/Joints/b2GearJoint.h; sourceTree = "<group>"; };
		42EBAA9D5C044A7EB6F1C079 /* b2PolygonShape.cpp */ = {isa = PBXFileReference; lastKnownFileType = sourcecode.c.cpp; name = b2PolygonShape.cpp; path = ../../../cinder_master/blocks/Box2D/src/Box2D/Collision/Shapes/b2PolygonShape.cpp; sourceTree = "<group>"; };
		455321ACD5C64A209A19CF1E /* b2StackAllocator.cpp */ = {isa = PBXFileReference; lastKnownFileType = sourcecode.c.cpp; name = b2StackAllocator.cpp; path = ../../../cinder_master/blocks/Box2D/src/Box2D/Common/b2StackAllocator.cpp; sourceTree = "<group>"; };
		45CE4E74EA48415DAC3BCB86 /* b2ContactManager.h */ = {isa = PBXFileReference; lastKnownFileType = sourcecode.c.h; name = b2ContactManager.h; path = ../../../cinder_master/blocks/Box2D/src/Box2D/Dynamics/b2ContactManager.h; sourceTree = "<group>"; };
		4B5B8C26E4CC4C299A464B12 /* b2Timer.cpp */ = {isa = PBXFileReference; lastKnownFileType = sourcecode.c.cpp; name = b2Timer.cpp; path = ../../../cinder_master/blocks/Box2D/src/Box2D/Common/b2Timer.cpp; sourceTree = "<group>"; };
		4CD8AE7997DB440393DCED0B /* b2BlockAllocator.h */ = {isa = PBXFileReference; lastKnownFileType = sourcecode.c.h; name = b2BlockAllocator.h; path = ../../../cinder_master/blocks/Box2D/src/Box2D/Common/b2BlockAllocator.h; sourceTree = "<group>"; };
		4CE8A3AE741B43FC95ED4560 /* b2FrictionJoint.cpp */ = {isa = PBXFileReference; lastKnownFileType = sourcecode.c.cpp; name = b2FrictionJoint.cpp; path = ../../../cinder_master/blocks/Box2D/src/Box2D/Dynamics/Joints/b2FrictionJoint.cpp; sourceTree = "<group>"; };
		4D599B72C4414571A9490C48 /* b2ChainAndPolygonContact.cpp */ = {isa = PBXFileReference; lastKnownFileType = sourcecode.c.cpp; name = b2ChainAndPolygonContact.cpp; path = ../../../cinder_master/blocks/Box2D/src/Box2D/Dynamics/Contacts/b2ChainAndPolygonContact.cpp; sourceTree = "<group>"; };
		4E4FD7ADB3FB413C8E59B091 /* b2CircleShape.cpp */ = {isa = PBXFileReference; lastKnownFileType = sourcecode.c.cpp; name = b2CircleShape.cpp; path = ../../../cinder_master/blocks/Box2D/src/Box2D/Collision/Shapes/b2CircleShape.cpp; sourceTree = "<group>"; };
		5323E6B10EAFCA74003A9687 /* CoreVideo.framework */ = {isa = PBXFileReference; lastKnownFileType = wrapper.framework; name = CoreVideo.framework; path = /System/Library/Frameworks/CoreVideo.framework; sourceTree = "<absolute>"; };
		53849385018642FD806D5303 /* CinderOpenCV.h */ = {isa = PBXFileReference; lastKnownFileType = sourcecode.c.h; name = CinderOpenCV.h; path = ../blocks/OpenCV3/include/CinderOpenCV.h; sourceTree = "<group>"; };
		5ADF3D361A474A729C2C948F /* b2WheelJoint.h */ = {isa = PBXFileReference; lastKnownFileType = sourcecode.c.h; name = b2WheelJoint.h; path = ../../../cinder_master/blocks/Box2D/src/Box2D/Dynamics/Joints/b2WheelJoint.h; sourceTree = "<group>"; };
		5AFC21DA54464E6AB4865EB6 /* b2TimeOfImpact.cpp */ = {isa = PBXFileReference; lastKnownFileType = sourcecode.c.cpp; name = b2TimeOfImpact.cpp; path = ../../../cinder_master/blocks/Box2D/src/Box2D/Collision/b2TimeOfImpact.cpp; sourceTree = "<group>"; };
		5B01657D0FBF43D0BAAB77E7 /* Resources.h */ = {isa = PBXFileReference; lastKnownFileType = sourcecode.c.h; name = Resources.h; path = ../include/Resources.h; sourceTree = "<group>"; };
		5C4DF1CF3EE64CF68C3C98BB /* b2Settings.h */ = {isa = PBXFileReference; lastKnownFileType = sourcecode.c.h; name = b2Settings.h; path = ../../../cinder_master/blocks/Box2D/src/Box2D/Common/b2Settings.h; sourceTree = "<group>"; };
		5C7173280C304D41A1060ECC /* b2EdgeShape.h */ = {isa = PBXFileReference; lastKnownFileType = sourcecode.c.h; name = b2EdgeShape.h; path = ../../../cinder_master/blocks/Box2D/src/Box2D/Collision/Shapes/b2EdgeShape.h; sourceTree = "<group>"; };
		5DC790304D7041E39EB47B99 /* b2Collision.cpp */ = {isa = PBXFileReference; lastKnownFileType = sourcecode.c.cpp; name = b2Collision.cpp; path = ../../../cinder_master/blocks/Box2D/src/Box2D/Collision/b2Collision.cpp; sourceTree = "<group>"; };
		5DD64B44C3544CEEA0988B8D /* b2DynamicTree.cpp */ = {isa = PBXFileReference; lastKnownFileType = sourcecode.c.cpp; name = b2DynamicTree.cpp; path = ../../../cinder_master/blocks/Box2D/src/Box2D/Collision/b2DynamicTree.cpp; sourceTree = "<group>"; };
		5EB098C6F89C4150B7C1D6E1 /* b2EdgeAndCircleContact.h */ = {isa = PBXFileReference; lastKnownFileType = sourcecode.c.h; name = b2EdgeAndCircleContact.h; path = ../../../cinder_master/blocks/Box2D/src/Box2D/Dynamics/Contacts/b2EdgeAndCircleContact.h; sourceTree = "<group>"; };
		5FCEF9A13DEA4BA1B9310AC9 /* b2RevoluteJoint.cpp */ = {isa = PBXFileReference; lastKnownFileType = sourcecode.c.cpp; name = b2RevoluteJoint.cpp; path = ../../../cinder_master/blocks/Box2D/src/Box2D/Dynamics/Joints/b2RevoluteJoint.cpp; sourceTree = "<group>"; };
		60ED81C43C4546AF965945F3 /* b2CollideEdge.cpp */ = {isa = PBXFileReference; lastKnownFileType = sourcecode.c.cpp; name = b2CollideEdge.cpp; path = ../../../cinder_master/blocks/Box2D/src/Box2D/Collision/b2CollideEdge.cpp; sourceTree = "<group>"; };
		6155FA849F27406EAAE7DFFF /* b2CircleContact.cpp */ = {isa = PBXFileReference; lastKnownFileType = sourcecode.c.cpp; name = b2CircleContact.cpp; path = ../../../cinder_master/blocks/Box2D/src/Box2D/Dynamics/Contacts/b2CircleContact.cpp; sourceTree = "<group>"; };
		6461436361334D4BAD4ED8E0 /* b2PolygonShape.h */ = {isa = PBXFileReference; lastKnownFileType = sourcecode.c.h; name = b2PolygonShape.h; path = ../../../cinder_master/blocks/Box2D/src/Box2D/Collision/Shapes/b2PolygonShape.h; sourceTree = "<group>"; };
		64F4601B34414BA78BE92716 /* b2EdgeAndPolygonContact.h */ = {isa = PBXFileReference; lastKnownFileType = sourcecode.c.h; name = b2EdgeAndPolygonContact.h; path = ../../../cinder_master/blocks/Box2D/src/Box2D/Dynamics/Contacts/b2EdgeAndPolygonContact.h; sourceTree = "<group>"; };
		708C348EC05A4C7BA4816FBC /* CinderApp.icns */ = {isa = PBXFileReference; lastKnownFileType = image.icns; name = CinderApp.icns; path = ../resources/CinderApp.icns; sourceTree = "<group>"; };
		73235F4020027F0A008E22B3 /* worhol.frag */ = {isa = PBXFileReference; lastKnownFileType = sourcecode.glsl; path = worhol.frag; sourceTree = "<group>"; };
		73235F422002801D008E22B3 /* copy.frag */ = {isa = PBXFileReference; fileEncoding = 4; lastKnownFileType = sourcecode.glsl; path = copy.frag; sourceTree = "<group>"; };
		73235F4420028392008E22B3 /* thermal.frag */ = {isa = PBXFileReference; lastKnownFileType = sourcecode.glsl; path = thermal.frag; sourceTree = "<group>"; };
		73235F46200283FA008E22B3 /* vignette.frag */ = {isa = PBXFileReference; lastKnownFileType = sourcecode.glsl; path = vignette.frag; sourceTree = "<group>"; };
		73235F4A200284B3008E22B3 /* cell.frag */ = {isa = PBXFileReference; lastKnownFileType = sourcecode.glsl; path = cell.frag; sourceTree = "<group>"; };
		73235F4C20028600008E22B3 /* scanline.frag */ = {isa = PBXFileReference; lastKnownFileType = sourcecode.glsl; path = scanline.frag; sourceTree = "<group>"; };
		7327D5A720098FB600634012 /* Particle.h */ = {isa = PBXFileReference; fileEncoding = 4; lastKnownFileType = sourcecode.c.h; name = Particle.h; path = ../src/Particle.h; sourceTree = "<group>"; };
		7327D5A820098FB600634012 /* Efxbase.cpp */ = {isa = PBXFileReference; fileEncoding = 4; lastKnownFileType = sourcecode.cpp.cpp; name = Efxbase.cpp; path = ../src/Efxbase.cpp; sourceTree = "<group>"; };
		7327D5A920098FB600634012 /* seeApp.mm */ = {isa = PBXFileReference; fileEncoding = 4; lastKnownFileType = sourcecode.cpp.objcpp; name = seeApp.mm; path = ../src/seeApp.mm; sourceTree = "<group>"; };
		7327D5AB20098FB700634012 /* FilterMgr.cpp */ = {isa = PBXFileReference; fileEncoding = 4; lastKnownFileType = sourcecode.cpp.cpp; name = FilterMgr.cpp; path = ../src/FilterMgr.cpp; sourceTree = "<group>"; };
		7327D5AC20098FB700634012 /* Efxbase.hpp */ = {isa = PBXFileReference; fileEncoding = 4; lastKnownFileType = sourcecode.cpp.h; name = Efxbase.hpp; path = ../src/Efxbase.hpp; sourceTree = "<group>"; };
		7327D5AD20098FB700634012 /* FilterMgr.hpp */ = {isa = PBXFileReference; fileEncoding = 4; lastKnownFileType = sourcecode.cpp.h; name = FilterMgr.hpp; path = ../src/FilterMgr.hpp; sourceTree = "<group>"; };
		7327D5AF20098FB700634012 /* Particle.cpp */ = {isa = PBXFileReference; fileEncoding = 4; lastKnownFileType = sourcecode.cpp.cpp; name = Particle.cpp; path = ../src/Particle.cpp; sourceTree = "<group>"; };
		7327D5B520098FC500634012 /* TestEfx.cpp */ = {isa = PBXFileReference; fileEncoding = 4; lastKnownFileType = sourcecode.cpp.cpp; name = TestEfx.cpp; path = ../src/Filter/TestEfx.cpp; sourceTree = "<group>"; };
		7327D5B620098FC500634012 /* TestEfx.hpp */ = {isa = PBXFileReference; fileEncoding = 4; lastKnownFileType = sourcecode.cpp.h; name = TestEfx.hpp; path = ../src/Filter/TestEfx.hpp; sourceTree = "<group>"; };
		734484092021924500D03C0C /* StillImageView.cpp */ = {isa = PBXFileReference; lastKnownFileType = sourcecode.cpp.cpp; name = StillImageView.cpp; path = ../src/StillImageView.cpp; sourceTree = "<group>"; };
		7344840A2021924500D03C0C /* StillImageView.h */ = {isa = PBXFileReference; lastKnownFileType = sourcecode.c.h; name = StillImageView.h; path = ../src/StillImageView.h; sourceTree = "<group>"; };
		737826A91FFE15C700249F04 /* TestView.cpp */ = {isa = PBXFileReference; lastKnownFileType = sourcecode.cpp.cpp; name = TestView.cpp; path = ../src/TestView.cpp; sourceTree = "<group>"; };
		737826AA1FFE15C700249F04 /* TestView.h */ = {isa = PBXFileReference; lastKnownFileType = sourcecode.c.h; name = TestView.h; path = ../src/TestView.h; sourceTree = "<group>"; };
		73924D0B2001A6020046B23B /* posterize.frag */ = {isa = PBXFileReference; lastKnownFileType = sourcecode.glsl; path = posterize.frag; sourceTree = "<group>"; };
		73924D0D2001A6F60046B23B /* line.frag */ = {isa = PBXFileReference; lastKnownFileType = sourcecode.glsl; path = line.frag; sourceTree = "<group>"; };
		73E23D1E1FFF0C9F00389721 /* ViewController.cpp */ = {isa = PBXFileReference; lastKnownFileType = sourcecode.cpp.cpp; name = ViewController.cpp; path = ../src/ViewController.cpp; sourceTree = "<group>"; };
		73E23D1F1FFF0C9F00389721 /* ViewController.hpp */ = {isa = PBXFileReference; lastKnownFileType = sourcecode.cpp.h; name = ViewController.hpp; path = ../src/ViewController.hpp; sourceTree = "<group>"; };
		73E23D221FFF11E300389721 /* _EventCenter.cpp */ = {isa = PBXFileReference; fileEncoding = 4; lastKnownFileType = sourcecode.cpp.cpp; name = _EventCenter.cpp; path = "../blocks/Cinder-poScene/src/poScene/_EventCenter.cpp"; sourceTree = "<group>"; };
		73E23D231FFF11E300389721 /* EventCenter.h */ = {isa = PBXFileReference; fileEncoding = 4; lastKnownFileType = sourcecode.c.h; name = EventCenter.h; path = "../blocks/Cinder-poScene/src/poScene/EventCenter.h"; sourceTree = "<group>"; };
		73E23D241FFF11E300389721 /* Events.h */ = {isa = PBXFileReference; fileEncoding = 4; lastKnownFileType = sourcecode.c.h; name = Events.h; path = "../blocks/Cinder-poScene/src/poScene/Events.h"; sourceTree = "<group>"; };
		73E23D251FFF11E300389721 /* ShapeView.h */ = {isa = PBXFileReference; fileEncoding = 4; lastKnownFileType = sourcecode.c.h; name = ShapeView.h; path = "../blocks/Cinder-poScene/src/poScene/ShapeView.h"; sourceTree = "<group>"; };
		73E23D271FFF11E300389721 /* _Button.cpp */ = {isa = PBXFileReference; fileEncoding = 4; lastKnownFileType = sourcecode.cpp.cpp; path = _Button.cpp; sourceTree = "<group>"; };
		73E23D281FFF11E300389721 /* ScrollView.h */ = {isa = PBXFileReference; fileEncoding = 4; lastKnownFileType = sourcecode.c.h; path = ScrollView.h; sourceTree = "<group>"; };
		73E23D291FFF11E300389721 /* _ButtonSet.cpp */ = {isa = PBXFileReference; fileEncoding = 4; lastKnownFileType = sourcecode.cpp.cpp; path = _ButtonSet.cpp; sourceTree = "<group>"; };
		73E23D2A1FFF11E300389721 /* ButtonSet.h */ = {isa = PBXFileReference; fileEncoding = 4; lastKnownFileType = sourcecode.c.h; path = ButtonSet.h; sourceTree = "<group>"; };
		73E23D2B1FFF11E300389721 /* Button.h */ = {isa = PBXFileReference; fileEncoding = 4; lastKnownFileType = sourcecode.c.h; path = Button.h; sourceTree = "<group>"; };
		73E23D2C1FFF11E300389721 /* _ScrollView.cpp */ = {isa = PBXFileReference; fileEncoding = 4; lastKnownFileType = sourcecode.cpp.cpp; path = _ScrollView.cpp; sourceTree = "<group>"; };
		73E23D2D1FFF11E400389721 /* _DraggableView.cpp */ = {isa = PBXFileReference; fileEncoding = 4; lastKnownFileType = sourcecode.cpp.cpp; name = _DraggableView.cpp; path = "../blocks/Cinder-poScene/src/poScene/_DraggableView.cpp"; sourceTree = "<group>"; };
		73E23D2E1FFF11E400389721 /* DraggableView.h */ = {isa = PBXFileReference; fileEncoding = 4; lastKnownFileType = sourcecode.c.h; name = DraggableView.h; path = "../blocks/Cinder-poScene/src/poScene/DraggableView.h"; sourceTree = "<group>"; };
		73E23D2F1FFF11E400389721 /* _View.cpp */ = {isa = PBXFileReference; fileEncoding = 4; lastKnownFileType = sourcecode.cpp.cpp; name = _View.cpp; path = "../blocks/Cinder-poScene/src/poScene/_View.cpp"; sourceTree = "<group>"; };
		73E23D301FFF11E400389721 /* TextView.h */ = {isa = PBXFileReference; fileEncoding = 4; lastKnownFileType = sourcecode.c.h; name = TextView.h; path = "../blocks/Cinder-poScene/src/poScene/TextView.h"; sourceTree = "<group>"; };
		73E23D311FFF11E400389721 /* _TextView.cpp */ = {isa = PBXFileReference; fileEncoding = 4; lastKnownFileType = sourcecode.cpp.cpp; name = _TextView.cpp; path = "../blocks/Cinder-poScene/src/poScene/_TextView.cpp"; sourceTree = "<group>"; };
		73E23D321FFF11E400389721 /* MatrixSet.h */ = {isa = PBXFileReference; fileEncoding = 4; lastKnownFileType = sourcecode.c.h; name = MatrixSet.h; path = "../blocks/Cinder-poScene/src/poScene/MatrixSet.h"; sourceTree = "<group>"; };
		73E23D331FFF11E400389721 /* _MatrixSet.cpp */ = {isa = PBXFileReference; fileEncoding = 4; lastKnownFileType = sourcecode.cpp.cpp; name = _MatrixSet.cpp; path = "../blocks/Cinder-poScene/src/poScene/_MatrixSet.cpp"; sourceTree = "<group>"; };
		73E23D341FFF11E400389721 /* ImageView.h */ = {isa = PBXFileReference; fileEncoding = 4; lastKnownFileType = sourcecode.c.h; name = ImageView.h; path = "../blocks/Cinder-poScene/src/poScene/ImageView.h"; sourceTree = "<group>"; };
		73E23D351FFF11E400389721 /* TextureFit.h */ = {isa = PBXFileReference; fileEncoding = 4; lastKnownFileType = sourcecode.c.h; name = TextureFit.h; path = "../blocks/Cinder-poScene/src/poScene/TextureFit.h"; sourceTree = "<group>"; };
		73E23D361FFF11E400389721 /* ViewEvents.h */ = {isa = PBXFileReference; fileEncoding = 4; lastKnownFileType = sourcecode.c.h; name = ViewEvents.h; path = "../blocks/Cinder-poScene/src/poScene/ViewEvents.h"; sourceTree = "<group>"; };
		73E23D371FFF11E400389721 /* _Scene.cpp */ = {isa = PBXFileReference; fileEncoding = 4; lastKnownFileType = sourcecode.cpp.cpp; name = _Scene.cpp; path = "../blocks/Cinder-poScene/src/poScene/_Scene.cpp"; sourceTree = "<group>"; };
		73E23D381FFF11E400389721 /* _ImageView.cpp */ = {isa = PBXFileReference; fileEncoding = 4; lastKnownFileType = sourcecode.cpp.cpp; name = _ImageView.cpp; path = "../blocks/Cinder-poScene/src/poScene/_ImageView.cpp"; sourceTree = "<group>"; };
		73E23D391FFF11E500389721 /* VideoView.h */ = {isa = PBXFileReference; fileEncoding = 4; lastKnownFileType = sourcecode.c.h; name = VideoView.h; path = "../blocks/Cinder-poScene/src/poScene/VideoView.h"; sourceTree = "<group>"; };
		73E23D3A1FFF11E500389721 /* ViewController.h */ = {isa = PBXFileReference; fileEncoding = 4; lastKnownFileType = sourcecode.c.h; name = ViewController.h; path = "../blocks/Cinder-poScene/src/poScene/ViewController.h"; sourceTree = "<group>"; };
		73E23D3B1FFF11E500389721 /* _ViewController.cpp */ = {isa = PBXFileReference; fileEncoding = 4; lastKnownFileType = sourcecode.cpp.cpp; name = _ViewController.cpp; path = "../blocks/Cinder-poScene/src/poScene/_ViewController.cpp"; sourceTree = "<group>"; };
		73E23D3C1FFF11E500389721 /* _Events.cpp */ = {isa = PBXFileReference; fileEncoding = 4; lastKnownFileType = sourcecode.cpp.cpp; name = _Events.cpp; path = "../blocks/Cinder-poScene/src/poScene/_Events.cpp"; sourceTree = "<group>"; };
		73E23D3D1FFF11E500389721 /* View.h */ = {isa = PBXFileReference; fileEncoding = 4; lastKnownFileType = sourcecode.c.h; name = View.h; path = "../blocks/Cinder-poScene/src/poScene/View.h"; sourceTree = "<group>"; };
		73E23D3E1FFF11E500389721 /* DragAndDrop.h */ = {isa = PBXFileReference; fileEncoding = 4; lastKnownFileType = sourcecode.c.h; name = DragAndDrop.h; path = "../blocks/Cinder-poScene/src/poScene/DragAndDrop.h"; sourceTree = "<group>"; };
		73E23D3F1FFF11E500389721 /* _ShapeView.cpp */ = {isa = PBXFileReference; fileEncoding = 4; lastKnownFileType = sourcecode.cpp.cpp; name = _ShapeView.cpp; path = "../blocks/Cinder-poScene/src/poScene/_ShapeView.cpp"; sourceTree = "<group>"; };
		73E23D401FFF11E500389721 /* Scene.h */ = {isa = PBXFileReference; fileEncoding = 4; lastKnownFileType = sourcecode.c.h; name = Scene.h; path = "../blocks/Cinder-poScene/src/poScene/Scene.h"; sourceTree = "<group>"; };
		73E23D411FFF11E500389721 /* _DragAndDrop.cpp */ = {isa = PBXFileReference; fileEncoding = 4; lastKnownFileType = sourcecode.cpp.cpp; name = _DragAndDrop.cpp; path = "../blocks/Cinder-poScene/src/poScene/_DragAndDrop.cpp"; sourceTree = "<group>"; };
		73E23D521FFF324700389721 /* CaptureView.cpp */ = {isa = PBXFileReference; lastKnownFileType = sourcecode.cpp.cpp; name = CaptureView.cpp; path = ../src/CaptureView.cpp; sourceTree = "<group>"; };
		73E23D531FFF324700389721 /* CaptureView.h */ = {isa = PBXFileReference; lastKnownFileType = sourcecode.c.h; name = CaptureView.h; path = ../src/CaptureView.h; sourceTree = "<group>"; };
		73E23D561FFF58B200389721 /* haarcascade_eye.xml */ = {isa = PBXFileReference; fileEncoding = 4; lastKnownFileType = text.xml; path = haarcascade_eye.xml; sourceTree = "<group>"; };
		73E23D571FFF58B200389721 /* haarcascade_frontalface_alt.xml */ = {isa = PBXFileReference; fileEncoding = 4; lastKnownFileType = text.xml; path = haarcascade_frontalface_alt.xml; sourceTree = "<group>"; };
		73E23D5A1FFF58E300389721 /* basic.vert */ = {isa = PBXFileReference; lastKnownFileType = sourcecode.glsl; path = basic.vert; sourceTree = "<group>"; };
		73E23D5C1FFF58FB00389721 /* gray.frag */ = {isa = PBXFileReference; lastKnownFileType = sourcecode.glsl; path = gray.frag; sourceTree = "<group>"; };
		73E23D5E1FFF6A9A00389721 /* sobel.frag */ = {isa = PBXFileReference; lastKnownFileType = sourcecode.glsl; path = sobel.frag; sourceTree = "<group>"; };
		73E23D601FFF9AA800389721 /* halftone.frag */ = {isa = PBXFileReference; lastKnownFileType = sourcecode.glsl; path = halftone.frag; sourceTree = "<group>"; };
		73E23D621FFFD9CD00389721 /* dilation.frag */ = {isa = PBXFileReference; lastKnownFileType = sourcecode.glsl; path = dilation.frag; sourceTree = "<group>"; };
		73E23D642000EA6700389721 /* billboard.frag */ = {isa = PBXFileReference; lastKnownFileType = sourcecode.glsl; path = billboard.frag; sourceTree = "<group>"; };
		73E23D662000EC1E00389721 /* lowBlur.frag */ = {isa = PBXFileReference; lastKnownFileType = sourcecode.glsl; path = lowBlur.frag; sourceTree = "<group>"; };
		73E23D682000EDCA00389721 /* dream.frag */ = {isa = PBXFileReference; lastKnownFileType = sourcecode.glsl; path = dream.frag; sourceTree = "<group>"; };
		73E23D6A2000F7F800389721 /* erosion.frag */ = {isa = PBXFileReference; lastKnownFileType = sourcecode.glsl; path = erosion.frag; sourceTree = "<group>"; };
		73E23D6C2000F8D700389721 /* hexpix.frag */ = {isa = PBXFileReference; lastKnownFileType = sourcecode.glsl; path = hexpix.frag; sourceTree = "<group>"; };
		73EA3F542012EA6200ECE7AC /* ExpView.cpp */ = {isa = PBXFileReference; lastKnownFileType = sourcecode.cpp.cpp; name = ExpView.cpp; path = ../src/ExpView.cpp; sourceTree = "<group>"; };
		73EA3F552012EA6200ECE7AC /* ExpView.h */ = {isa = PBXFileReference; lastKnownFileType = sourcecode.c.h; name = ExpView.h; path = ../src/ExpView.h; sourceTree = "<group>"; };
		73EA3F58201305E300ECE7AC /* ParticleController.cpp */ = {isa = PBXFileReference; lastKnownFileType = sourcecode.cpp.cpp; name = ParticleController.cpp; path = ../src/ParticleController.cpp; sourceTree = "<group>"; };
		73EA3F59201305E300ECE7AC /* ParticleController.h */ = {isa = PBXFileReference; lastKnownFileType = sourcecode.c.h; name = ParticleController.h; path = ../src/ParticleController.h; sourceTree = "<group>"; };
		74EAD6D66E79481C978D6BEB /* b2WeldJoint.h */ = {isa = PBXFileReference; lastKnownFileType = sourcecode.c.h; name = b2WeldJoint.h; path = ../../../cinder_master/blocks/Box2D/src/Box2D/Dynamics/Joints/b2WeldJoint.h; sourceTree = "<group>"; };
		756B280344624DACB85A55E6 /* b2FrictionJoint.h */ = {isa = PBXFileReference; lastKnownFileType = sourcecode.c.h; name = b2FrictionJoint.h; path = ../../../cinder_master/blocks/Box2D/src/Box2D/Dynamics/Joints/b2FrictionJoint.h; sourceTree = "<group>"; };
		777E67F00D3E4144B4A263B7 /* b2CollidePolygon.cpp */ = {isa = PBXFileReference; lastKnownFileType = sourcecode.c.cpp; name = b2CollidePolygon.cpp; path = ../../../cinder_master/blocks/Box2D/src/Box2D/Collision/b2CollidePolygon.cpp; sourceTree = "<group>"; };
		799A0EE98D944846BEC7FEFB /* b2Math.h */ = {isa = PBXFileReference; lastKnownFileType = sourcecode.c.h; name = b2Math.h; path = ../../../cinder_master/blocks/Box2D/src/Box2D/Common/b2Math.h; sourceTree = "<group>"; };
		7D1144938DB7473FB525873D /* b2Contact.cpp */ = {isa = PBXFileReference; lastKnownFileType = sourcecode.c.cpp; name = b2Contact.cpp; path = ../../../cinder_master/blocks/Box2D/src/Box2D/Dynamics/Contacts/b2Contact.cpp; sourceTree = "<group>"; };
		80D68DF0226045C8A446C877 /* b2CircleShape.h */ = {isa = PBXFileReference; lastKnownFileType = sourcecode.c.h; name = b2CircleShape.h; path = ../../../cinder_master/blocks/Box2D/src/Box2D/Collision/Shapes/b2CircleShape.h; sourceTree = "<group>"; };
		83DD32CD7FAD4139903BBE87 /* b2Shape.h */ = {isa = PBXFileReference; lastKnownFileType = sourcecode.c.h; name = b2Shape.h; path = ../../../cinder_master/blocks/Box2D/src/Box2D/Collision/Shapes/b2Shape.h; sourceTree = "<group>"; };
		8565E6F48DF3425C9230CC96 /* b2BroadPhase.h */ = {isa = PBXFileReference; lastKnownFileType = sourcecode.c.h; name = b2BroadPhase.h; path = ../../../cinder_master/blocks/Box2D/src/Box2D/Collision/b2BroadPhase.h; sourceTree = "<group>"; };
		86144DE5FE494DC1BEE766B2 /* b2Collision.h */ = {isa = PBXFileReference; lastKnownFileType = sourcecode.c.h; name = b2Collision.h; path = ../../../cinder_master/blocks/Box2D/src/Box2D/Collision/b2Collision.h; sourceTree = "<group>"; };
		87095BEB2DA14AA8A0515B33 /* b2ChainShape.h */ = {isa = PBXFileReference; lastKnownFileType = sourcecode.c.h; name = b2ChainShape.h; path = ../../../cinder_master/blocks/Box2D/src/Box2D/Collision/Shapes/b2ChainShape.h; sourceTree = "<group>"; };
		8731CB52F9274DBCAFAC6D81 /* b2EdgeShape.cpp */ = {isa = PBXFileReference; lastKnownFileType = sourcecode.c.cpp; name = b2EdgeShape.cpp; path = ../../../cinder_master/blocks/Box2D/src/Box2D/Collision/Shapes/b2EdgeShape.cpp; sourceTree = "<group>"; };
		88B1710A7A1047F29FF6B8F5 /* b2DistanceJoint.cpp */ = {isa = PBXFileReference; lastKnownFileType = sourcecode.c.cpp; name = b2DistanceJoint.cpp; path = ../../../cinder_master/blocks/Box2D/src/Box2D/Dynamics/Joints/b2DistanceJoint.cpp; sourceTree = "<group>"; };
		8D1107320486CEB800E47090 /* see.app */ = {isa = PBXFileReference; explicitFileType = wrapper.application; includeInIndex = 0; path = see.app; sourceTree = BUILT_PRODUCTS_DIR; };
		8DE04E915A0440489EFC37FD /* b2Settings.cpp */ = {isa = PBXFileReference; lastKnownFileType = sourcecode.c.cpp; name = b2Settings.cpp; path = ../../../cinder_master/blocks/Box2D/src/Box2D/Common/b2Settings.cpp; sourceTree = "<group>"; };
		90B71FA98D5A42799D97E47E /* b2EdgeAndCircleContact.cpp */ = {isa = PBXFileReference; lastKnownFileType = sourcecode.c.cpp; name = b2EdgeAndCircleContact.cpp; path = ../../../cinder_master/blocks/Box2D/src/Box2D/Dynamics/Contacts/b2EdgeAndCircleContact.cpp; sourceTree = "<group>"; };
		9E427F5F8F094D918C05073C /* b2ChainAndPolygonContact.h */ = {isa = PBXFileReference; lastKnownFileType = sourcecode.c.h; name = b2ChainAndPolygonContact.h; path = ../../../cinder_master/blocks/Box2D/src/Box2D/Dynamics/Contacts/b2ChainAndPolygonContact.h; sourceTree = "<group>"; };
		9E82C6BD84FD43EB9E050846 /* b2TimeStep.h */ = {isa = PBXFileReference; lastKnownFileType = sourcecode.c.h; name = b2TimeStep.h; path = ../../../cinder_master/blocks/Box2D/src/Box2D/Dynamics/b2TimeStep.h; sourceTree = "<group>"; };
		A3B41E9FE0654F91A8910A64 /* b2GrowableStack.h */ = {isa = PBXFileReference; lastKnownFileType = sourcecode.c.h; name = b2GrowableStack.h; path = ../../../cinder_master/blocks/Box2D/src/Box2D/Common/b2GrowableStack.h; sourceTree = "<group>"; };
		A482C4803ED14DA9ADFAD6B2 /* b2WorldCallbacks.h */ = {isa = PBXFileReference; lastKnownFileType = sourcecode.c.h; name = b2WorldCallbacks.h; path = ../../../cinder_master/blocks/Box2D/src/Box2D/Dynamics/b2WorldCallbacks.h; sourceTree = "<group>"; };
		A4A7BB67AADF4B2B86D17992 /* b2Island.cpp */ = {isa = PBXFileReference; lastKnownFileType = sourcecode.c.cpp; name = b2Island.cpp; path = ../../../cinder_master/blocks/Box2D/src/Box2D/Dynamics/b2Island.cpp; sourceTree = "<group>"; };
		A9068618016E4AE39B5A5250 /* b2RevoluteJoint.h */ = {isa = PBXFileReference; lastKnownFileType = sourcecode.c.h; name = b2RevoluteJoint.h; path = ../../../cinder_master/blocks/Box2D/src/Box2D/Dynamics/Joints/b2RevoluteJoint.h; sourceTree = "<group>"; };
		AA56F9E53F5842379F377159 /* see_Prefix.pch */ = {isa = PBXFileReference; lastKnownFileType = "\"\""; path = see_Prefix.pch; sourceTree = "<group>"; };
		B250BC13A5344F7D9FB5BE1E /* b2TimeOfImpact.h */ = {isa = PBXFileReference; lastKnownFileType = sourcecode.c.h; name = b2TimeOfImpact.h; path = ../../../cinder_master/blocks/Box2D/src/Box2D/Collision/b2TimeOfImpact.h; sourceTree = "<group>"; };
		B405BC2A1FAF4E38BB39DD2C /* b2WheelJoint.cpp */ = {isa = PBXFileReference; lastKnownFileType = sourcecode.c.cpp; name = b2WheelJoint.cpp; path = ../../../cinder_master/blocks/Box2D/src/Box2D/Dynamics/Joints/b2WheelJoint.cpp; sourceTree = "<group>"; };
		B673EDD8352C434ABE730FA4 /* b2ChainAndCircleContact.h */ = {isa = PBXFileReference; lastKnownFileType = sourcecode.c.h; name = b2ChainAndCircleContact.h; path = ../../../cinder_master/blocks/Box2D/src/Box2D/Dynamics/Contacts/b2ChainAndCircleContact.h; sourceTree = "<group>"; };
		B725FFDC1E5745B6BD71D89C /* b2DynamicTree.h */ = {isa = PBXFileReference; lastKnownFileType = sourcecode.c.h; name = b2DynamicTree.h; path = ../../../cinder_master/blocks/Box2D/src/Box2D/Collision/b2DynamicTree.h; sourceTree = "<group>"; };
		B74AED29154D4023918A5E52 /* b2RopeJoint.h */ = {isa = PBXFileReference; lastKnownFileType = sourcecode.c.h; name = b2RopeJoint.h; path = ../../../cinder_master/blocks/Box2D/src/Box2D/Dynamics/Joints/b2RopeJoint.h; sourceTree = "<group>"; };
		B759A823E4D845B3AAEBFB94 /* Info.plist */ = {isa = PBXFileReference; lastKnownFileType = text.plist.xml; path = Info.plist; sourceTree = "<group>"; };
		B97E135C07D84DA38290FAB6 /* b2Timer.h */ = {isa = PBXFileReference; lastKnownFileType = sourcecode.c.h; name = b2Timer.h; path = ../../../cinder_master/blocks/Box2D/src/Box2D/Common/b2Timer.h; sourceTree = "<group>"; };
		BB13E05BAA2A42918D67F667 /* b2Joint.cpp */ = {isa = PBXFileReference; lastKnownFileType = sourcecode.c.cpp; name = b2Joint.cpp; path = ../../../cinder_master/blocks/Box2D/src/Box2D/Dynamics/Joints/b2Joint.cpp; sourceTree = "<group>"; };
		BB33FB395EFA4E9C8F61A88E /* b2World.h */ = {isa = PBXFileReference; lastKnownFileType = sourcecode.c.h; name = b2World.h; path = ../../../cinder_master/blocks/Box2D/src/Box2D/Dynamics/b2World.h; sourceTree = "<group>"; };
		BBB077FCBA6D49DB8D5445DD /* b2Contact.h */ = {isa = PBXFileReference; lastKnownFileType = sourcecode.c.h; name = b2Contact.h; path = ../../../cinder_master/blocks/Box2D/src/Box2D/Dynamics/Contacts/b2Contact.h; sourceTree = "<group>"; };
		BE0698F6F6CE44E99001EE62 /* b2ContactManager.cpp */ = {isa = PBXFileReference; lastKnownFileType = sourcecode.c.cpp; name = b2ContactManager.cpp; path = ../../../cinder_master/blocks/Box2D/src/Box2D/Dynamics/b2ContactManager.cpp; sourceTree = "<group>"; };
		BEA30FFF534A456385E89568 /* b2MouseJoint.cpp */ = {isa = PBXFileReference; lastKnownFileType = sourcecode.c.cpp; name = b2MouseJoint.cpp; path = ../../../cinder_master/blocks/Box2D/src/Box2D/Dynamics/Joints/b2MouseJoint.cpp; sourceTree = "<group>"; };
		C1ECC9F92DCB42C3B8C973A5 /* b2EdgeAndPolygonContact.cpp */ = {isa = PBXFileReference; lastKnownFileType = sourcecode.c.cpp; name = b2EdgeAndPolygonContact.cpp; path = ../../../cinder_master/blocks/Box2D/src/Box2D/Dynamics/Contacts/b2EdgeAndPolygonContact.cpp; sourceTree = "<group>"; };
		C2D8371F08E24F0C909AF47E /* b2Math.cpp */ = {isa = PBXFileReference; lastKnownFileType = sourcecode.c.cpp; name = b2Math.cpp; path = ../../../cinder_master/blocks/Box2D/src/Box2D/Common/b2Math.cpp; sourceTree = "<group>"; };
		C3706E7420D545C79BDC6816 /* OpenCL.framework */ = {isa = PBXFileReference; lastKnownFileType = wrapper.framework; name = OpenCL.framework; path = System/Library/Frameworks/OpenCL.framework; sourceTree = SDKROOT; };
		CA1E1CA5A42B4573AF4538C6 /* b2DistanceJoint.h */ = {isa = PBXFileReference; lastKnownFileType = sourcecode.c.h; name = b2DistanceJoint.h; path = ../../../cinder_master/blocks/Box2D/src/Box2D/Dynamics/Joints/b2DistanceJoint.h; sourceTree = "<group>"; };
		CB9597394CEF4B7E8F6754A5 /* b2ContactSolver.cpp */ = {isa = PBXFileReference; lastKnownFileType = sourcecode.c.cpp; name = b2ContactSolver.cpp; path = ../../../cinder_master/blocks/Box2D/src/Box2D/Dynamics/Contacts/b2ContactSolver.cpp; sourceTree = "<group>"; };
		CFA0A0B521804FF48B8F52A8 /* b2ChainShape.cpp */ = {isa = PBXFileReference; lastKnownFileType = sourcecode.c.cpp; name = b2ChainShape.cpp; path = ../../../cinder_master/blocks/Box2D/src/Box2D/Collision/Shapes/b2ChainShape.cpp; sourceTree = "<group>"; };
		D2CD47F70CAE4AE29BE6358E /* b2Distance.h */ = {isa = PBXFileReference; lastKnownFileType = sourcecode.c.h; name = b2Distance.h; path = ../../../cinder_master/blocks/Box2D/src/Box2D/Collision/b2Distance.h; sourceTree = "<group>"; };
		D5377ECE4123477AB57FAA09 /* Osc.cpp */ = {isa = PBXFileReference; lastKnownFileType = sourcecode.c.cpp; name = Osc.cpp; path = ../../../cinder_master/blocks/OSC/src/cinder/osc/Osc.cpp; sourceTree = "<group>"; };
		D701884876FA4973BF3BDB3F /* Box2d.h */ = {isa = PBXFileReference; lastKnownFileType = sourcecode.c.h; name = Box2d.h; path = ../../../cinder_master/blocks/Box2D/src/Box2D/Box2d.h; sourceTree = "<group>"; };
		DABF21F1DCA246A188BF284B /* b2CollideCircle.cpp */ = {isa = PBXFileReference; lastKnownFileType = sourcecode.c.cpp; name = b2CollideCircle.cpp; path = ../../../cinder_master/blocks/Box2D/src/Box2D/Collision/b2CollideCircle.cpp; sourceTree = "<group>"; };
		DE68B6B539B84503912F91FC /* b2BlockAllocator.cpp */ = {isa = PBXFileReference; lastKnownFileType = sourcecode.c.cpp; name = b2BlockAllocator.cpp; path = ../../../cinder_master/blocks/Box2D/src/Box2D/Common/b2BlockAllocator.cpp; sourceTree = "<group>"; };
		E124799A48BD497EA8118932 /* b2PulleyJoint.cpp */ = {isa = PBXFileReference; lastKnownFileType = sourcecode.c.cpp; name = b2PulleyJoint.cpp; path = ../../../cinder_master/blocks/Box2D/src/Box2D/Dynamics/Joints/b2PulleyJoint.cpp; sourceTree = "<group>"; };
		E148566CA0124F0AB145EB16 /* b2Island.h */ = {isa = PBXFileReference; lastKnownFileType = sourcecode.c.h; name = b2Island.h; path = ../../../cinder_master/blocks/Box2D/src/Box2D/Dynamics/b2Island.h; sourceTree = "<group>"; };
		E491682338B243E590CE9CB9 /* b2BroadPhase.cpp */ = {isa = PBXFileReference; lastKnownFileType = sourcecode.c.cpp; name = b2BroadPhase.cpp; path = ../../../cinder_master/blocks/Box2D/src/Box2D/Collision/b2BroadPhase.cpp; sourceTree = "<group>"; };
		E653EE7544C548299B8BAA21 /* b2Joint.h */ = {isa = PBXFileReference; lastKnownFileType = sourcecode.c.h; name = b2Joint.h; path = ../../../cinder_master/blocks/Box2D/src/Box2D/Dynamics/Joints/b2Joint.h; sourceTree = "<group>"; };
		E8A1B16C08FD46E9883A4ACC /* b2ChainAndCircleContact.cpp */ = {isa = PBXFileReference; lastKnownFileType = sourcecode.c.cpp; name = b2ChainAndCircleContact.cpp; path = ../../../cinder_master/blocks/Box2D/src/Box2D/Dynamics/Contacts/b2ChainAndCircleContact.cpp; sourceTree = "<group>"; };
		E94762D49A0D4C1CAF929DCB /* b2PulleyJoint.h */ = {isa = PBXFileReference; lastKnownFileType = sourcecode.c.h; name = b2PulleyJoint.h; path = ../../../cinder_master/blocks/Box2D/src/Box2D/Dynamics/Joints/b2PulleyJoint.h; sourceTree = "<group>"; };
		EBC65CEBE6544527B59C1AF7 /* b2PolygonContact.h */ = {isa = PBXFileReference; lastKnownFileType = sourcecode.c.h; name = b2PolygonContact.h; path = ../../../cinder_master/blocks/Box2D/src/Box2D/Dynamics/Contacts/b2PolygonContact.h; sourceTree = "<group>"; };
		EE7B32C4E7A949B59EBD8173 /* b2StackAllocator.h */ = {isa = PBXFileReference; lastKnownFileType = sourcecode.c.h; name = b2StackAllocator.h; path = ../../../cinder_master/blocks/Box2D/src/Box2D/Common/b2StackAllocator.h; sourceTree = "<group>"; };
		F1652F80268743BC97CCCF09 /* b2MouseJoint.h */ = {isa = PBXFileReference; lastKnownFileType = sourcecode.c.h; name = b2MouseJoint.h; path = ../../../cinder_master/blocks/Box2D/src/Box2D/Dynamics/Joints/b2MouseJoint.h; sourceTree = "<group>"; };
		F99234691DD944D0B81D5026 /* b2Body.cpp */ = {isa = PBXFileReference; lastKnownFileType = sourcecode.c.cpp; name = b2Body.cpp; path = ../../../cinder_master/blocks/Box2D/src/Box2D/Dynamics/b2Body.cpp; sourceTree = "<group>"; };
		FCC401ADB3BD443F922552A5 /* b2Draw.cpp */ = {isa = PBXFileReference; lastKnownFileType = sourcecode.c.cpp; name = b2Draw.cpp; path = ../../../cinder_master/blocks/Box2D/src/Box2D/Common/b2Draw.cpp; sourceTree = "<group>"; };
		FFBAE3E631404D13A01E2D69 /* b2Fixture.cpp */ = {isa = PBXFileReference; lastKnownFileType = sourcecode.c.cpp; name = b2Fixture.cpp; path = ../../../cinder_master/blocks/Box2D/src/Box2D/Dynamics/b2Fixture.cpp; sourceTree = "<group>"; };
/* End PBXFileReference section */

/* Begin PBXFrameworksBuildPhase section */
		8D11072E0486CEB800E47090 /* Frameworks */ = {
			isa = PBXFrameworksBuildPhase;
			buildActionMask = 2147483647;
			files = (
				006D720419952D00008149E2 /* AVFoundation.framework in Frameworks */,
				006D720519952D00008149E2 /* CoreMedia.framework in Frameworks */,
				8D11072F0486CEB800E47090 /* Cocoa.framework in Frameworks */,
				0091D8F90E81B9330029341E /* OpenGL.framework in Frameworks */,
				5323E6B20EAFCA74003A9687 /* CoreVideo.framework in Frameworks */,
				00B784B30FF439BC000DE1D7 /* Accelerate.framework in Frameworks */,
				00B784B40FF439BC000DE1D7 /* AudioToolbox.framework in Frameworks */,
				00B784B50FF439BC000DE1D7 /* AudioUnit.framework in Frameworks */,
				00B784B60FF439BC000DE1D7 /* CoreAudio.framework in Frameworks */,
				00B9955A1B128DF400A5C623 /* IOKit.framework in Frameworks */,
				00B9955B1B128DF400A5C623 /* IOSurface.framework in Frameworks */,
				260BFC2DA20741C1AD598614 /* OpenCL.framework in Frameworks */,
			);
			runOnlyForDeploymentPostprocessing = 0;
		};
/* End PBXFrameworksBuildPhase section */

/* Begin PBXGroup section */
		01B97315FEAEA392516A2CEA /* Blocks */ = {
			isa = PBXGroup;
			children = (
				73E23D211FFF110000389721 /* poScene */,
				D5DEA0DD497D44F1849E4449 /* Box2D */,
				C183E1C42F7A4C5D94AC2DAA /* OpenCV3 */,
				2E3FABE3602A4C759E31A3B1 /* OSC */,
			);
			name = Blocks;
			sourceTree = "<group>";
		};
		080E96DDFE201D6D7F000001 /* Source */ = {
			isa = PBXGroup;
			children = (
				73EA3F57201305CA00ECE7AC /* particle */,
				731283EF2011F67F00D8A04B /* efx */,
				73E23D511FFF322C00389721 /* Views */,
				7327D5AB20098FB700634012 /* FilterMgr.cpp */,
				7327D5AD20098FB700634012 /* FilterMgr.hpp */,
				7327D5A920098FB600634012 /* seeApp.mm */,
				73E23D1E1FFF0C9F00389721 /* ViewController.cpp */,
				73E23D1F1FFF0C9F00389721 /* ViewController.hpp */,
			);
			name = Source;
			sourceTree = "<group>";
		};
		0E7DABF22031463FB315526D /* Box2D */ = {
			isa = PBXGroup;
			children = (
				4B59E8BDED1C4E35B87626E6 /* Collision */,
				BF5868DBAF244CD89F972733 /* Common */,
				3CADE86E45584D1BA2619127 /* Dynamics */,
				56E498EE6F5E42E3B9BE2C2F /* Rope */,
				D701884876FA4973BF3BDB3F /* Box2d.h */,
			);
			name = Box2D;
			sourceTree = "<group>";
		};
		1058C7A0FEA54F0111CA2CBB /* Linked Frameworks */ = {
			isa = PBXGroup;
			children = (
				006D720219952D00008149E2 /* AVFoundation.framework */,
				006D720319952D00008149E2 /* CoreMedia.framework */,
				00B784AF0FF439BC000DE1D7 /* Accelerate.framework */,
				00B784B00FF439BC000DE1D7 /* AudioToolbox.framework */,
				00B784B10FF439BC000DE1D7 /* AudioUnit.framework */,
				00B784B20FF439BC000DE1D7 /* CoreAudio.framework */,
				5323E6B10EAFCA74003A9687 /* CoreVideo.framework */,
				0091D8F80E81B9330029341E /* OpenGL.framework */,
				1058C7A1FEA54F0111CA2CBB /* Cocoa.framework */,
				00B995581B128DF400A5C623 /* IOKit.framework */,
				00B995591B128DF400A5C623 /* IOSurface.framework */,
			);
			name = "Linked Frameworks";
			sourceTree = "<group>";
		};
		1058C7A2FEA54F0111CA2CBB /* Other Frameworks */ = {
			isa = PBXGroup;
			children = (
				29B97324FDCFA39411CA2CEA /* AppKit.framework */,
				29B97325FDCFA39411CA2CEA /* Foundation.framework */,
			);
			name = "Other Frameworks";
			sourceTree = "<group>";
		};
		19C28FACFE9D520D11CA2CBB /* Products */ = {
			isa = PBXGroup;
			children = (
				8D1107320486CEB800E47090 /* see.app */,
			);
			name = Products;
			sourceTree = "<group>";
		};
		2296FC2A30934C7F88833121 /* src */ = {
			isa = PBXGroup;
			children = (
				7DE7C5252C4549CA84EAA474 /* cinder */,
			);
			name = src;
			sourceTree = "<group>";
		};
		29B97314FDCFA39411CA2CEA /* see */ = {
			isa = PBXGroup;
			children = (
				73E23D551FFF58B200389721 /* assets */,
				01B97315FEAEA392516A2CEA /* Blocks */,
				29B97315FDCFA39411CA2CEA /* Headers */,
				080E96DDFE201D6D7F000001 /* Source */,
				29B97317FDCFA39411CA2CEA /* Resources */,
				29B97323FDCFA39411CA2CEA /* Frameworks */,
				19C28FACFE9D520D11CA2CBB /* Products */,
			);
			name = see;
			sourceTree = "<group>";
		};
		29B97315FDCFA39411CA2CEA /* Headers */ = {
			isa = PBXGroup;
			children = (
				5B01657D0FBF43D0BAAB77E7 /* Resources.h */,
				AA56F9E53F5842379F377159 /* see_Prefix.pch */,
			);
			name = Headers;
			sourceTree = "<group>";
		};
		29B97317FDCFA39411CA2CEA /* Resources */ = {
			isa = PBXGroup;
			children = (
				708C348EC05A4C7BA4816FBC /* CinderApp.icns */,
				B759A823E4D845B3AAEBFB94 /* Info.plist */,
			);
			name = Resources;
			sourceTree = "<group>";
		};
		29B97323FDCFA39411CA2CEA /* Frameworks */ = {
			isa = PBXGroup;
			children = (
				1058C7A0FEA54F0111CA2CBB /* Linked Frameworks */,
				1058C7A2FEA54F0111CA2CBB /* Other Frameworks */,
				C3706E7420D545C79BDC6816 /* OpenCL.framework */,
			);
			name = Frameworks;
			sourceTree = "<group>";
		};
		2E3FABE3602A4C759E31A3B1 /* OSC */ = {
			isa = PBXGroup;
			children = (
				2296FC2A30934C7F88833121 /* src */,
			);
			name = OSC;
			sourceTree = "<group>";
		};
		31BBA995F64D4BC9AA9705DF /* Contacts */ = {
			isa = PBXGroup;
			children = (
				E8A1B16C08FD46E9883A4ACC /* b2ChainAndCircleContact.cpp */,
				4D599B72C4414571A9490C48 /* b2ChainAndPolygonContact.cpp */,
				6155FA849F27406EAAE7DFFF /* b2CircleContact.cpp */,
				7D1144938DB7473FB525873D /* b2Contact.cpp */,
				CB9597394CEF4B7E8F6754A5 /* b2ContactSolver.cpp */,
				90B71FA98D5A42799D97E47E /* b2EdgeAndCircleContact.cpp */,
				C1ECC9F92DCB42C3B8C973A5 /* b2EdgeAndPolygonContact.cpp */,
				226F5C3ACC9249018AC94F02 /* b2PolygonAndCircleContact.cpp */,
				38DDC92CB3144546B1B9F81E /* b2PolygonContact.cpp */,
				B673EDD8352C434ABE730FA4 /* b2ChainAndCircleContact.h */,
				9E427F5F8F094D918C05073C /* b2ChainAndPolygonContact.h */,
				0A64A69F8ABA491C93D30B93 /* b2CircleContact.h */,
				BBB077FCBA6D49DB8D5445DD /* b2Contact.h */,
				3F37E29392B347C8BDE93B6E /* b2ContactSolver.h */,
				5EB098C6F89C4150B7C1D6E1 /* b2EdgeAndCircleContact.h */,
				64F4601B34414BA78BE92716 /* b2EdgeAndPolygonContact.h */,
				02DA238B86DB45C5AC185EF5 /* b2PolygonAndCircleContact.h */,
				EBC65CEBE6544527B59C1AF7 /* b2PolygonContact.h */,
			);
			name = Contacts;
			sourceTree = "<group>";
		};
		3CADE86E45584D1BA2619127 /* Dynamics */ = {
			isa = PBXGroup;
			children = (
				F99234691DD944D0B81D5026 /* b2Body.cpp */,
				BE0698F6F6CE44E99001EE62 /* b2ContactManager.cpp */,
				FFBAE3E631404D13A01E2D69 /* b2Fixture.cpp */,
				A4A7BB67AADF4B2B86D17992 /* b2Island.cpp */,
				414D9C204E104822B06E6945 /* b2World.cpp */,
				0EEDBF19F56A4B46BC28B638 /* b2WorldCallbacks.cpp */,
				047CFE47637542FDA564D201 /* b2Body.h */,
				45CE4E74EA48415DAC3BCB86 /* b2ContactManager.h */,
				2A71BA8C334E4FC68570C2BB /* b2Fixture.h */,
				E148566CA0124F0AB145EB16 /* b2Island.h */,
				9E82C6BD84FD43EB9E050846 /* b2TimeStep.h */,
				BB33FB395EFA4E9C8F61A88E /* b2World.h */,
				A482C4803ED14DA9ADFAD6B2 /* b2WorldCallbacks.h */,
				31BBA995F64D4BC9AA9705DF /* Contacts */,
				5E650653BA8C4618AFEEADCC /* Joints */,
			);
			name = Dynamics;
			sourceTree = "<group>";
		};
		4B59E8BDED1C4E35B87626E6 /* Collision */ = {
			isa = PBXGroup;
			children = (
				E491682338B243E590CE9CB9 /* b2BroadPhase.cpp */,
				DABF21F1DCA246A188BF284B /* b2CollideCircle.cpp */,
				60ED81C43C4546AF965945F3 /* b2CollideEdge.cpp */,
				777E67F00D3E4144B4A263B7 /* b2CollidePolygon.cpp */,
				5DC790304D7041E39EB47B99 /* b2Collision.cpp */,
				20A329AA6F7440B9AE6191CD /* b2Distance.cpp */,
				5DD64B44C3544CEEA0988B8D /* b2DynamicTree.cpp */,
				5AFC21DA54464E6AB4865EB6 /* b2TimeOfImpact.cpp */,
				8565E6F48DF3425C9230CC96 /* b2BroadPhase.h */,
				86144DE5FE494DC1BEE766B2 /* b2Collision.h */,
				D2CD47F70CAE4AE29BE6358E /* b2Distance.h */,
				B725FFDC1E5745B6BD71D89C /* b2DynamicTree.h */,
				B250BC13A5344F7D9FB5BE1E /* b2TimeOfImpact.h */,
				80932F91F6B74FE48F7B7B32 /* Shapes */,
			);
			name = Collision;
			sourceTree = "<group>";
		};
		56E498EE6F5E42E3B9BE2C2F /* Rope */ = {
			isa = PBXGroup;
			children = (
				2C5C9CFFAED048B3A1B794CD /* b2Rope.cpp */,
				3E6B9133524F4FE894A53DE0 /* b2Rope.h */,
			);
			name = Rope;
			sourceTree = "<group>";
		};
		5E650653BA8C4618AFEEADCC /* Joints */ = {
			isa = PBXGroup;
			children = (
				88B1710A7A1047F29FF6B8F5 /* b2DistanceJoint.cpp */,
				4CE8A3AE741B43FC95ED4560 /* b2FrictionJoint.cpp */,
				022659E841DD4245B9ED8967 /* b2GearJoint.cpp */,
				BB13E05BAA2A42918D67F667 /* b2Joint.cpp */,
				BEA30FFF534A456385E89568 /* b2MouseJoint.cpp */,
				0298E479A9B543EC8E31B0F0 /* b2PrismaticJoint.cpp */,
				E124799A48BD497EA8118932 /* b2PulleyJoint.cpp */,
				5FCEF9A13DEA4BA1B9310AC9 /* b2RevoluteJoint.cpp */,
				41571B27782C4A6C95C97EE1 /* b2RopeJoint.cpp */,
				40E24354CD1E4DF780C58C80 /* b2WeldJoint.cpp */,
				B405BC2A1FAF4E38BB39DD2C /* b2WheelJoint.cpp */,
				CA1E1CA5A42B4573AF4538C6 /* b2DistanceJoint.h */,
				756B280344624DACB85A55E6 /* b2FrictionJoint.h */,
				41E3785B9C4B4815A636520A /* b2GearJoint.h */,
				E653EE7544C548299B8BAA21 /* b2Joint.h */,
				F1652F80268743BC97CCCF09 /* b2MouseJoint.h */,
				41C508D0B13D4BE0A84D7576 /* b2PrismaticJoint.h */,
				E94762D49A0D4C1CAF929DCB /* b2PulleyJoint.h */,
				A9068618016E4AE39B5A5250 /* b2RevoluteJoint.h */,
				B74AED29154D4023918A5E52 /* b2RopeJoint.h */,
				74EAD6D66E79481C978D6BEB /* b2WeldJoint.h */,
				5ADF3D361A474A729C2C948F /* b2WheelJoint.h */,
			);
			name = Joints;
			sourceTree = "<group>";
		};
		731283EF2011F67F00D8A04B /* efx */ = {
			isa = PBXGroup;
			children = (
				7327D5B520098FC500634012 /* TestEfx.cpp */,
				7327D5B620098FC500634012 /* TestEfx.hpp */,
				7327D5A820098FB600634012 /* Efxbase.cpp */,
				7327D5AC20098FB700634012 /* Efxbase.hpp */,
			);
			name = efx;
			sourceTree = "<group>";
		};
		73235F3F20027EF8008E22B3 /* shader */ = {
			isa = PBXGroup;
			children = (
				73235F422002801D008E22B3 /* copy.frag */,
				73E23D5E1FFF6A9A00389721 /* sobel.frag */,
				73E23D601FFF9AA800389721 /* halftone.frag */,
				73E23D621FFFD9CD00389721 /* dilation.frag */,
				73E23D642000EA6700389721 /* billboard.frag */,
				73E23D662000EC1E00389721 /* lowBlur.frag */,
				73E23D682000EDCA00389721 /* dream.frag */,
				73E23D6A2000F7F800389721 /* erosion.frag */,
				73E23D6C2000F8D700389721 /* hexpix.frag */,
				73924D0B2001A6020046B23B /* posterize.frag */,
				73924D0D2001A6F60046B23B /* line.frag */,
				73E23D5A1FFF58E300389721 /* basic.vert */,
				73E23D5C1FFF58FB00389721 /* gray.frag */,
				73235F4020027F0A008E22B3 /* worhol.frag */,
				73235F4420028392008E22B3 /* thermal.frag */,
				73235F46200283FA008E22B3 /* vignette.frag */,
				73235F4A200284B3008E22B3 /* cell.frag */,
				73235F4C20028600008E22B3 /* scanline.frag */,
			);
			path = shader;
			sourceTree = "<group>";
		};
		73E23D211FFF110000389721 /* poScene */ = {
			isa = PBXGroup;
			children = (
				73E23D411FFF11E500389721 /* _DragAndDrop.cpp */,
				73E23D2D1FFF11E400389721 /* _DraggableView.cpp */,
				73E23D221FFF11E300389721 /* _EventCenter.cpp */,
				73E23D3C1FFF11E500389721 /* _Events.cpp */,
				73E23D381FFF11E400389721 /* _ImageView.cpp */,
				73E23D331FFF11E400389721 /* _MatrixSet.cpp */,
				73E23D371FFF11E400389721 /* _Scene.cpp */,
				73E23D3F1FFF11E500389721 /* _ShapeView.cpp */,
				73E23D311FFF11E400389721 /* _TextView.cpp */,
				73E23D2F1FFF11E400389721 /* _View.cpp */,
				73E23D3B1FFF11E500389721 /* _ViewController.cpp */,
				73E23D3E1FFF11E500389721 /* DragAndDrop.h */,
				73E23D2E1FFF11E400389721 /* DraggableView.h */,
				73E23D231FFF11E300389721 /* EventCenter.h */,
				73E23D241FFF11E300389721 /* Events.h */,
				73E23D341FFF11E400389721 /* ImageView.h */,
				73E23D321FFF11E400389721 /* MatrixSet.h */,
				73E23D401FFF11E500389721 /* Scene.h */,
				73E23D251FFF11E300389721 /* ShapeView.h */,
				73E23D351FFF11E400389721 /* TextureFit.h */,
				73E23D301FFF11E400389721 /* TextView.h */,
				73E23D261FFF11E300389721 /* ui */,
				73E23D391FFF11E500389721 /* VideoView.h */,
				73E23D3D1FFF11E500389721 /* View.h */,
				73E23D3A1FFF11E500389721 /* ViewController.h */,
				73E23D361FFF11E400389721 /* ViewEvents.h */,
			);
			name = poScene;
			sourceTree = "<group>";
		};
		73E23D261FFF11E300389721 /* ui */ = {
			isa = PBXGroup;
			children = (
				73E23D271FFF11E300389721 /* _Button.cpp */,
				73E23D281FFF11E300389721 /* ScrollView.h */,
				73E23D291FFF11E300389721 /* _ButtonSet.cpp */,
				73E23D2A1FFF11E300389721 /* ButtonSet.h */,
				73E23D2B1FFF11E300389721 /* Button.h */,
				73E23D2C1FFF11E300389721 /* _ScrollView.cpp */,
			);
			name = ui;
			path = "../blocks/Cinder-poScene/src/poScene/ui";
			sourceTree = "<group>";
		};
		73E23D511FFF322C00389721 /* Views */ = {
			isa = PBXGroup;
			children = (
				737826A91FFE15C700249F04 /* TestView.cpp */,
				737826AA1FFE15C700249F04 /* TestView.h */,
				73E23D521FFF324700389721 /* CaptureView.cpp */,
				73E23D531FFF324700389721 /* CaptureView.h */,
				73EA3F542012EA6200ECE7AC /* ExpView.cpp */,
				73EA3F552012EA6200ECE7AC /* ExpView.h */,
				734484092021924500D03C0C /* StillImageView.cpp */,
				7344840A2021924500D03C0C /* StillImageView.h */,
			);
			name = Views;
			sourceTree = "<group>";
		};
		73E23D551FFF58B200389721 /* assets */ = {
			isa = PBXGroup;
			children = (
				73235F3F20027EF8008E22B3 /* shader */,
				73E23D561FFF58B200389721 /* haarcascade_eye.xml */,
				73E23D571FFF58B200389721 /* haarcascade_frontalface_alt.xml */,
			);
			name = assets;
			path = ../assets;
			sourceTree = "<group>";
		};
		73EA3F57201305CA00ECE7AC /* particle */ = {
			isa = PBXGroup;
			children = (
				7327D5AF20098FB700634012 /* Particle.cpp */,
				7327D5A720098FB600634012 /* Particle.h */,
				73EA3F58201305E300ECE7AC /* ParticleController.cpp */,
				73EA3F59201305E300ECE7AC /* ParticleController.h */,
			);
			name = particle;
			sourceTree = "<group>";
		};
		7DE7C5252C4549CA84EAA474 /* cinder */ = {
			isa = PBXGroup;
			children = (
				FD39E6F7098348E9B1AE8942 /* osc */,
			);
			name = cinder;
			sourceTree = "<group>";
		};
		80932F91F6B74FE48F7B7B32 /* Shapes */ = {
			isa = PBXGroup;
			children = (
				CFA0A0B521804FF48B8F52A8 /* b2ChainShape.cpp */,
				4E4FD7ADB3FB413C8E59B091 /* b2CircleShape.cpp */,
				8731CB52F9274DBCAFAC6D81 /* b2EdgeShape.cpp */,
				42EBAA9D5C044A7EB6F1C079 /* b2PolygonShape.cpp */,
				87095BEB2DA14AA8A0515B33 /* b2ChainShape.h */,
				80D68DF0226045C8A446C877 /* b2CircleShape.h */,
				5C7173280C304D41A1060ECC /* b2EdgeShape.h */,
				6461436361334D4BAD4ED8E0 /* b2PolygonShape.h */,
				83DD32CD7FAD4139903BBE87 /* b2Shape.h */,
			);
			name = Shapes;
			sourceTree = "<group>";
		};
		BF5868DBAF244CD89F972733 /* Common */ = {
			isa = PBXGroup;
			children = (
				DE68B6B539B84503912F91FC /* b2BlockAllocator.cpp */,
				FCC401ADB3BD443F922552A5 /* b2Draw.cpp */,
				C2D8371F08E24F0C909AF47E /* b2Math.cpp */,
				8DE04E915A0440489EFC37FD /* b2Settings.cpp */,
				455321ACD5C64A209A19CF1E /* b2StackAllocator.cpp */,
				4B5B8C26E4CC4C299A464B12 /* b2Timer.cpp */,
				4CD8AE7997DB440393DCED0B /* b2BlockAllocator.h */,
				01916B0BF4C6453BAB61A477 /* b2Draw.h */,
				A3B41E9FE0654F91A8910A64 /* b2GrowableStack.h */,
				799A0EE98D944846BEC7FEFB /* b2Math.h */,
				5C4DF1CF3EE64CF68C3C98BB /* b2Settings.h */,
				EE7B32C4E7A949B59EBD8173 /* b2StackAllocator.h */,
				B97E135C07D84DA38290FAB6 /* b2Timer.h */,
			);
			name = Common;
			sourceTree = "<group>";
		};
		C183E1C42F7A4C5D94AC2DAA /* OpenCV3 */ = {
			isa = PBXGroup;
			children = (
				D46E0E73D59F407B9DB04E36 /* include */,
			);
			name = OpenCV3;
			sourceTree = "<group>";
		};
		D46E0E73D59F407B9DB04E36 /* include */ = {
			isa = PBXGroup;
			children = (
				53849385018642FD806D5303 /* CinderOpenCV.h */,
			);
			name = include;
			sourceTree = "<group>";
		};
		D5DEA0DD497D44F1849E4449 /* Box2D */ = {
			isa = PBXGroup;
			children = (
				E4EF069512F7439C925E6C5E /* src */,
			);
			name = Box2D;
			sourceTree = "<group>";
		};
		E4EF069512F7439C925E6C5E /* src */ = {
			isa = PBXGroup;
			children = (
				0E7DABF22031463FB315526D /* Box2D */,
			);
			name = src;
			sourceTree = "<group>";
		};
		FD39E6F7098348E9B1AE8942 /* osc */ = {
			isa = PBXGroup;
			children = (
				D5377ECE4123477AB57FAA09 /* Osc.cpp */,
				216A784B63EC4301AB97D8B1 /* Osc.h */,
			);
			name = osc;
			sourceTree = "<group>";
		};
/* End PBXGroup section */

/* Begin PBXNativeTarget section */
		8D1107260486CEB800E47090 /* see */ = {
			isa = PBXNativeTarget;
			buildConfigurationList = C01FCF4A08A954540054247B /* Build configuration list for PBXNativeTarget "see" */;
			buildPhases = (
				8D1107290486CEB800E47090 /* Resources */,
				8D11072C0486CEB800E47090 /* Sources */,
				8D11072E0486CEB800E47090 /* Frameworks */,
			);
			buildRules = (
			);
			dependencies = (
			);
			name = see;
			productInstallPath = "$(HOME)/Applications";
			productName = see;
			productReference = 8D1107320486CEB800E47090 /* see.app */;
			productType = "com.apple.product-type.application";
		};
/* End PBXNativeTarget section */

/* Begin PBXProject section */
		29B97313FDCFA39411CA2CEA /* Project object */ = {
			isa = PBXProject;
			attributes = {
			};
			buildConfigurationList = C01FCF4E08A954540054247B /* Build configuration list for PBXProject "see" */;
			compatibilityVersion = "Xcode 3.2";
			developmentRegion = English;
			hasScannedForEncodings = 1;
			knownRegions = (
				English,
				Japanese,
				French,
				German,
			);
			mainGroup = 29B97314FDCFA39411CA2CEA /* see */;
			projectDirPath = "";
			projectRoot = "";
			targets = (
				8D1107260486CEB800E47090 /* see */,
			);
		};
/* End PBXProject section */

/* Begin PBXResourcesBuildPhase section */
		8D1107290486CEB800E47090 /* Resources */ = {
			isa = PBXResourcesBuildPhase;
			buildActionMask = 2147483647;
			files = (
				73E23D6D2000F8D700389721 /* hexpix.frag in Resources */,
				73E23D5D1FFF58FB00389721 /* gray.frag in Resources */,
				73E23D6B2000F7F800389721 /* erosion.frag in Resources */,
				73235F4B200284B3008E22B3 /* cell.frag in Resources */,
				73E23D611FFF9AA800389721 /* halftone.frag in Resources */,
				73235F4120027F0A008E22B3 /* worhol.frag in Resources */,
				73E23D652000EA6700389721 /* billboard.frag in Resources */,
				73235F4D20028600008E22B3 /* scanline.frag in Resources */,
				73235F432002801D008E22B3 /* copy.frag in Resources */,
				73235F4520028392008E22B3 /* thermal.frag in Resources */,
				73924D0E2001A6F60046B23B /* line.frag in Resources */,
				73E23D581FFF58B200389721 /* haarcascade_eye.xml in Resources */,
				73E23D591FFF58B200389721 /* haarcascade_frontalface_alt.xml in Resources */,
				73E23D631FFFD9CD00389721 /* dilation.frag in Resources */,
				BE59D8961F664E8F80D433D3 /* CinderApp.icns in Resources */,
				73E23D5B1FFF58E300389721 /* basic.vert in Resources */,
				73E23D5F1FFF6A9A00389721 /* sobel.frag in Resources */,
				73924D0C2001A6020046B23B /* posterize.frag in Resources */,
				73E23D692000EDCA00389721 /* dream.frag in Resources */,
				73E23D672000EC1E00389721 /* lowBlur.frag in Resources */,
				73235F47200283FA008E22B3 /* vignette.frag in Resources */,
			);
			runOnlyForDeploymentPostprocessing = 0;
		};
/* End PBXResourcesBuildPhase section */

/* Begin PBXSourcesBuildPhase section */
		8D11072C0486CEB800E47090 /* Sources */ = {
			isa = PBXSourcesBuildPhase;
			buildActionMask = 2147483647;
			files = (
				73E23D4E1FFF11E500389721 /* _ShapeView.cpp in Sources */,
				CD47BCAD76B640B9AF82049C /* b2BroadPhase.cpp in Sources */,
				73E23D4C1FFF11E500389721 /* _ViewController.cpp in Sources */,
				EC2A89DA0718426AADD5F663 /* b2CollideCircle.cpp in Sources */,
				3115EF16D5E6462C8F6EF879 /* b2CollideEdge.cpp in Sources */,
				73E23D4A1FFF11E500389721 /* _Scene.cpp in Sources */,
				73E23D4D1FFF11E500389721 /* _Events.cpp in Sources */,
				6B04E772AB2341B2AFAEDF18 /* b2CollidePolygon.cpp in Sources */,
				73E23D481FFF11E500389721 /* _TextView.cpp in Sources */,
				73E23D4F1FFF11E500389721 /* _DragAndDrop.cpp in Sources */,
				A0D08DEFC0D742B89A82A421 /* b2Collision.cpp in Sources */,
				B49957B06B674B4C8C7D3B37 /* b2Distance.cpp in Sources */,
				73E23D4B1FFF11E500389721 /* _ImageView.cpp in Sources */,
				7327D5B420098FB700634012 /* Particle.cpp in Sources */,
				DEFDF50227FE4C619249F426 /* b2DynamicTree.cpp in Sources */,
				73E23D201FFF0C9F00389721 /* ViewController.cpp in Sources */,
				C1039C02B05241E2BA5F9659 /* b2TimeOfImpact.cpp in Sources */,
				9A2213DA027B4CF09FF643B3 /* b2ChainShape.cpp in Sources */,
				7344840B2021924500D03C0C /* StillImageView.cpp in Sources */,
				1C0B07D854C24EF5BA2ED33E /* b2CircleShape.cpp in Sources */,
				28E0903C51D04B36A782D42A /* b2EdgeShape.cpp in Sources */,
				737826AB1FFE15C700249F04 /* TestView.cpp in Sources */,
				6AF588DD187A429BA320BD13 /* b2PolygonShape.cpp in Sources */,
				96DC2BB768C24F0B9E71A628 /* b2BlockAllocator.cpp in Sources */,
				AA31E602BCE042D9A7F1BB26 /* b2Draw.cpp in Sources */,
				73E23D491FFF11E500389721 /* _MatrixSet.cpp in Sources */,
				E33B9F8193F94EF38745BE8F /* b2Math.cpp in Sources */,
				73E23D461FFF11E500389721 /* _DraggableView.cpp in Sources */,
				7327D5B720098FC500634012 /* TestEfx.cpp in Sources */,
				40416C87253345CEB641B97C /* b2Settings.cpp in Sources */,
				4D06E160BB2C469AB5C8BB28 /* b2StackAllocator.cpp in Sources */,
				7F96E27B943D4EF8889EECDA /* b2Timer.cpp in Sources */,
				5692F02C9BD04F8782D840E3 /* b2Body.cpp in Sources */,
				C065F19BE5584491A83B6040 /* b2ContactManager.cpp in Sources */,
				3202A96AEAB345D89ACD7934 /* b2Fixture.cpp in Sources */,
				73E23D451FFF11E500389721 /* _ScrollView.cpp in Sources */,
				73EA3F5A201305E300ECE7AC /* ParticleController.cpp in Sources */,
				7BFD4367F8EF450082845AEA /* b2Island.cpp in Sources */,
				7327D5B120098FB700634012 /* seeApp.mm in Sources */,
				7327D5B320098FB700634012 /* FilterMgr.cpp in Sources */,
				73E23D431FFF11E500389721 /* _Button.cpp in Sources */,
				73E23D441FFF11E500389721 /* _ButtonSet.cpp in Sources */,
				07E690F168D34416B3E08BD0 /* b2World.cpp in Sources */,
				C06C705F8FD14DDA9D397024 /* b2WorldCallbacks.cpp in Sources */,
				2972623D254441C394917707 /* b2ChainAndCircleContact.cpp in Sources */,
				1D05CD4722E24D979E4144D5 /* b2ChainAndPolygonContact.cpp in Sources */,
				97C9323D1BCD4F2DA1E4F3AC /* b2CircleContact.cpp in Sources */,
				73E23D471FFF11E500389721 /* _View.cpp in Sources */,
				73EA3F562012EA6200ECE7AC /* ExpView.cpp in Sources */,
				705ED33DC1FB4FF0B3BA5AB2 /* b2Contact.cpp in Sources */,
				F021A459BDFD4C1DBAF98964 /* b2ContactSolver.cpp in Sources */,
				DC05E48A38E1464AB17E7AAF /* b2EdgeAndCircleContact.cpp in Sources */,
				C4050FE1C02C48B58F47CA32 /* b2EdgeAndPolygonContact.cpp in Sources */,
				73E23D541FFF324700389721 /* CaptureView.cpp in Sources */,
				9F35369EC67246AD87926D3C /* b2PolygonAndCircleContact.cpp in Sources */,
				534B136F05BB4ADCB7804049 /* b2PolygonContact.cpp in Sources */,
				55A930FC61D748A9B0A915AC /* b2DistanceJoint.cpp in Sources */,
				F6037E6B234B4260983FB385 /* b2FrictionJoint.cpp in Sources */,
				C722A549A9EA41FF9503B26D /* b2GearJoint.cpp in Sources */,
				0918CD8A39E04DEEAB8D15B6 /* b2Joint.cpp in Sources */,
				C09CB35A14194B9886125C2D /* b2MouseJoint.cpp in Sources */,
				8F07C2AE80274C54911149EB /* b2PrismaticJoint.cpp in Sources */,
				29D92BA031314A769B473AFA /* b2PulleyJoint.cpp in Sources */,
				73E23D421FFF11E500389721 /* _EventCenter.cpp in Sources */,
				F50B733CA4EC43998D807BD0 /* b2RevoluteJoint.cpp in Sources */,
				7327D5B020098FB700634012 /* Efxbase.cpp in Sources */,
				36633801B8724315817A15A5 /* b2RopeJoint.cpp in Sources */,
				ABBE2DCF9F2B485BA94FD0A5 /* b2WeldJoint.cpp in Sources */,
				1231149FD24D4AA68147559F /* b2WheelJoint.cpp in Sources */,
				0E3E6543E2A0417187BFC569 /* b2Rope.cpp in Sources */,
				841A542A785646EDA079BAAB /* Osc.cpp in Sources */,
			);
			runOnlyForDeploymentPostprocessing = 0;
		};
/* End PBXSourcesBuildPhase section */

/* Begin XCBuildConfiguration section */
		C01FCF4B08A954540054247B /* Debug */ = {
			isa = XCBuildConfiguration;
			buildSettings = {
				COMBINE_HIDPI_IMAGES = YES;
				COPY_PHASE_STRIP = NO;
				DEAD_CODE_STRIPPING = YES;
				GCC_DYNAMIC_NO_PIC = NO;
				GCC_INLINES_ARE_PRIVATE_EXTERN = YES;
				GCC_OPTIMIZATION_LEVEL = 0;
				GCC_PRECOMPILE_PREFIX_HEADER = YES;
				GCC_PREFIX_HEADER = see_Prefix.pch;
				GCC_PREPROCESSOR_DEFINITIONS = (
					"DEBUG=1",
					"$(inherited)",
				);
				GCC_SYMBOLS_PRIVATE_EXTERN = NO;
				INFOPLIST_FILE = Info.plist;
				INSTALL_PATH = "$(HOME)/Applications";
				LLVM_LTO = YES_THIN;
				OTHER_LDFLAGS = (
					"\"$(CINDER_PATH)/lib/macosx/$(CONFIGURATION)/libcinder.a\"",
					../blocks/OpenCV3/lib/macosx/libopencv_calib3d.a,
					../blocks/OpenCV3/lib/macosx/libopencv_core.a,
					../blocks/OpenCV3/lib/macosx/libopencv_features2d.a,
					../blocks/OpenCV3/lib/macosx/libopencv_flann.a,
					../blocks/OpenCV3/lib/macosx/libopencv_hal.a,
					../blocks/OpenCV3/lib/macosx/libopencv_imgproc.a,
					../blocks/OpenCV3/lib/macosx/libopencv_ml.a,
					../blocks/OpenCV3/lib/macosx/libopencv_objdetect.a,
					../blocks/OpenCV3/lib/macosx/libopencv_photo.a,
					../blocks/OpenCV3/lib/macosx/libopencv_shape.a,
					../blocks/OpenCV3/lib/macosx/libopencv_stitching.a,
					../blocks/OpenCV3/lib/macosx/libopencv_superres.a,
					../blocks/OpenCV3/lib/macosx/libopencv_video.a,
					../blocks/OpenCV3/lib/macosx/libopencv_ts.a,
					../blocks/OpenCV3/lib/macosx/libopencv_videoio.a,
					../blocks/OpenCV3/lib/macosx/libopencv_videostab.a,
					../blocks/OpenCV3/lib/macosx/libippicv.a,
					"\"-lz\"",
				);
				PRODUCT_BUNDLE_IDENTIFIER = "org.libcinder.${PRODUCT_NAME:rfc1034identifier}";
				PRODUCT_NAME = see;
				SYMROOT = ./build;
				USER_HEADER_SEARCH_PATHS = "\"$(CINDER_PATH)/include\" ../include ../blocks/OpenCV3/include \"$(CINDER_PATH)/blocks/OSC/src\" ../blocks/Cinder-poScene/src";
				WRAPPER_EXTENSION = app;
			};
			name = Debug;
		};
		C01FCF4C08A954540054247B /* Release */ = {
			isa = XCBuildConfiguration;
			buildSettings = {
				COMBINE_HIDPI_IMAGES = YES;
				DEAD_CODE_STRIPPING = YES;
				DEBUG_INFORMATION_FORMAT = "dwarf-with-dsym";
				GCC_FAST_MATH = YES;
				GCC_GENERATE_DEBUGGING_SYMBOLS = NO;
				GCC_INLINES_ARE_PRIVATE_EXTERN = YES;
				GCC_OPTIMIZATION_LEVEL = 3;
				GCC_PRECOMPILE_PREFIX_HEADER = YES;
				GCC_PREFIX_HEADER = see_Prefix.pch;
				GCC_PREPROCESSOR_DEFINITIONS = (
					"NDEBUG=1",
					"$(inherited)",
				);
				GCC_SYMBOLS_PRIVATE_EXTERN = NO;
				INFOPLIST_FILE = Info.plist;
				INSTALL_PATH = "$(HOME)/Applications";
				LLVM_LTO = YES_THIN;
				OTHER_LDFLAGS = (
					"\"$(CINDER_PATH)/lib/macosx/$(CONFIGURATION)/libcinder.a\"",
					../blocks/OpenCV3/lib/macosx/libopencv_calib3d.a,
					../blocks/OpenCV3/lib/macosx/libopencv_core.a,
					../blocks/OpenCV3/lib/macosx/libopencv_features2d.a,
					../blocks/OpenCV3/lib/macosx/libopencv_flann.a,
					../blocks/OpenCV3/lib/macosx/libopencv_hal.a,
					../blocks/OpenCV3/lib/macosx/libopencv_imgproc.a,
					../blocks/OpenCV3/lib/macosx/libopencv_ml.a,
					../blocks/OpenCV3/lib/macosx/libopencv_objdetect.a,
					../blocks/OpenCV3/lib/macosx/libopencv_photo.a,
					../blocks/OpenCV3/lib/macosx/libopencv_shape.a,
					../blocks/OpenCV3/lib/macosx/libopencv_stitching.a,
					../blocks/OpenCV3/lib/macosx/libopencv_superres.a,
					../blocks/OpenCV3/lib/macosx/libopencv_video.a,
					../blocks/OpenCV3/lib/macosx/libopencv_ts.a,
					../blocks/OpenCV3/lib/macosx/libopencv_videoio.a,
					../blocks/OpenCV3/lib/macosx/libopencv_videostab.a,
					../blocks/OpenCV3/lib/macosx/libippicv.a,
					"\"-lz\"",
				);
				PRODUCT_BUNDLE_IDENTIFIER = "org.libcinder.${PRODUCT_NAME:rfc1034identifier}";
				PRODUCT_NAME = see;
				STRIP_INSTALLED_PRODUCT = YES;
				SYMROOT = ./build;
				USER_HEADER_SEARCH_PATHS = "\"$(CINDER_PATH)/include\" ../include ../blocks/OpenCV3/include \"$(CINDER_PATH)/blocks/OSC/src\" ../blocks/Cinder-poScene/src";
				WRAPPER_EXTENSION = app;
			};
			name = Release;
		};
		C01FCF4F08A954540054247B /* Debug */ = {
			isa = XCBuildConfiguration;
			buildSettings = {
				ALWAYS_SEARCH_USER_PATHS = NO;
				CINDER_PATH = ../../../cinder_master;
				CLANG_CXX_LANGUAGE_STANDARD = "c++11";
				CLANG_CXX_LIBRARY = "libc++";
				ENABLE_TESTABILITY = YES;
				GCC_WARN_ABOUT_RETURN_TYPE = YES;
				GCC_WARN_UNUSED_VARIABLE = YES;
				HEADER_SEARCH_PATHS = (
					"\"$(CINDER_PATH)/include\"",
					../../../cinder_master/blocks/Box2D/src,
				);
				MACOSX_DEPLOYMENT_TARGET = 10.8;
				ONLY_ACTIVE_ARCH = YES;
				SDKROOT = macosx;
				USER_HEADER_SEARCH_PATHS = "\"$(CINDER_PATH)/include\" ../include ../blocks/OpenCV3/include ../../../cinder_master/blocks/OSC/src";
			};
			name = Debug;
		};
		C01FCF5008A954540054247B /* Release */ = {
			isa = XCBuildConfiguration;
			buildSettings = {
				ALWAYS_SEARCH_USER_PATHS = NO;
				CINDER_PATH = ../../../cinder_master;
				CLANG_CXX_LANGUAGE_STANDARD = "c++11";
				CLANG_CXX_LIBRARY = "libc++";
				GCC_WARN_ABOUT_RETURN_TYPE = YES;
				GCC_WARN_UNUSED_VARIABLE = YES;
				HEADER_SEARCH_PATHS = (
					"\"$(CINDER_PATH)/include\"",
					../../../cinder_master/blocks/Box2D/src,
				);
				MACOSX_DEPLOYMENT_TARGET = 10.8;
				SDKROOT = macosx;
				USER_HEADER_SEARCH_PATHS = "\"$(CINDER_PATH)/include\" ../include ../blocks/OpenCV3/include ../../../cinder_master/blocks/OSC/src";
			};
			name = Release;
		};
/* End XCBuildConfiguration section */

/* Begin XCConfigurationList section */
		C01FCF4A08A954540054247B /* Build configuration list for PBXNativeTarget "see" */ = {
			isa = XCConfigurationList;
			buildConfigurations = (
				C01FCF4B08A954540054247B /* Debug */,
				C01FCF4C08A954540054247B /* Release */,
			);
			defaultConfigurationIsVisible = 0;
			defaultConfigurationName = Release;
		};
		C01FCF4E08A954540054247B /* Build configuration list for PBXProject "see" */ = {
			isa = XCConfigurationList;
			buildConfigurations = (
				C01FCF4F08A954540054247B /* Debug */,
				C01FCF5008A954540054247B /* Release */,
			);
			defaultConfigurationIsVisible = 0;
			defaultConfigurationName = Release;
		};
/* End XCConfigurationList section */
	};
	rootObject = 29B97313FDCFA39411CA2CEA /* Project object */;
}
